// !$*UTF8*$!
{
	archiveVersion = 1;
	classes = {
	};
	objectVersion = 56;
	objects = {

/* Begin PBXBuildFile section */
		3202746F29FC164500377188 /* DeveloperMenuConfirmationView.swift in Sources */ = {isa = PBXBuildFile; fileRef = 3202746E29FC164500377188 /* DeveloperMenuConfirmationView.swift */; };
		3202747129FCD2EC00377188 /* Position.swift in Sources */ = {isa = PBXBuildFile; fileRef = 3202747029FCD2EC00377188 /* Position.swift */; };
		3202747229FCD2F500377188 /* Position.swift in Sources */ = {isa = PBXBuildFile; fileRef = 3202747029FCD2EC00377188 /* Position.swift */; };
		3202747329FCD2F600377188 /* Position.swift in Sources */ = {isa = PBXBuildFile; fileRef = 3202747029FCD2EC00377188 /* Position.swift */; };
		3202747429FCD2F600377188 /* Position.swift in Sources */ = {isa = PBXBuildFile; fileRef = 3202747029FCD2EC00377188 /* Position.swift */; };
		3202747629FCD30300377188 /* PeerLocation.swift in Sources */ = {isa = PBXBuildFile; fileRef = 3202747529FCD30300377188 /* PeerLocation.swift */; };
		3202747829FCD31D00377188 /* IPSPosition.swift in Sources */ = {isa = PBXBuildFile; fileRef = 3202747729FCD31D00377188 /* IPSPosition.swift */; };
		3202747A29FCD34700377188 /* IPSPosition.swift in Sources */ = {isa = PBXBuildFile; fileRef = 3202747729FCD31D00377188 /* IPSPosition.swift */; };
		3202747C29FCD88A00377188 /* LoggerView.swift in Sources */ = {isa = PBXBuildFile; fileRef = 3202747B29FCD88A00377188 /* LoggerView.swift */; };
		3202747E29FCDA1400377188 /* DashboardView.swift in Sources */ = {isa = PBXBuildFile; fileRef = 3202747D29FCDA1400377188 /* DashboardView.swift */; };
		3202748029FCDD2300377188 /* MapView.swift in Sources */ = {isa = PBXBuildFile; fileRef = 3202747F29FCDD2300377188 /* MapView.swift */; };
		3202748229FCE6E100377188 /* DashboardElement.swift in Sources */ = {isa = PBXBuildFile; fileRef = 3202748129FCE6E100377188 /* DashboardElement.swift */; };
		3202748429FCE86900377188 /* HostingCommandView.swift in Sources */ = {isa = PBXBuildFile; fileRef = 3202748329FCE86900377188 /* HostingCommandView.swift */; };
		3202748629FCE94C00377188 /* LoggerViewModel.swift in Sources */ = {isa = PBXBuildFile; fileRef = 3202748529FCE94C00377188 /* LoggerViewModel.swift */; };
		3202748829FCEBBC00377188 /* Log.swift in Sources */ = {isa = PBXBuildFile; fileRef = 3202748729FCEBBC00377188 /* Log.swift */; };
		3202748C29FCEF2D00377188 /* LogType.swift in Sources */ = {isa = PBXBuildFile; fileRef = 3202748B29FCEF2D00377188 /* LogType.swift */; };
		3202749129FCF33600377188 /* RoomModelImportCommandView.swift in Sources */ = {isa = PBXBuildFile; fileRef = 3202749029FCF33600377188 /* RoomModelImportCommandView.swift */; };
		3202749329FCF7BD00377188 /* SetBeaconLocationsCommandView.swift in Sources */ = {isa = PBXBuildFile; fileRef = 3202749229FCF7BD00377188 /* SetBeaconLocationsCommandView.swift */; };
		320274BD29FD088900377188 /* Assets.xcassets in Resources */ = {isa = PBXBuildFile; fileRef = 320274BC29FD088900377188 /* Assets.xcassets */; };
		320274C029FD088900377188 /* Preview Assets.xcassets in Resources */ = {isa = PBXBuildFile; fileRef = 320274BF29FD088900377188 /* Preview Assets.xcassets */; };
		320274D229FD114600377188 /* RoomCaptureViewController.swift in Sources */ = {isa = PBXBuildFile; fileRef = 320274CC29FD114600377188 /* RoomCaptureViewController.swift */; };
		320274D329FD114600377188 /* OnboardingViewController.swift in Sources */ = {isa = PBXBuildFile; fileRef = 320274CD29FD114600377188 /* OnboardingViewController.swift */; };
		320274D429FD114600377188 /* SceneDelegate.swift in Sources */ = {isa = PBXBuildFile; fileRef = 320274CE29FD114600377188 /* SceneDelegate.swift */; };
		320274D529FD114600377188 /* UnsupportedDevice.storyboard in Resources */ = {isa = PBXBuildFile; fileRef = 320274CF29FD114600377188 /* UnsupportedDevice.storyboard */; };
		320274D629FD114600377188 /* AppDelegate.swift in Sources */ = {isa = PBXBuildFile; fileRef = 320274D029FD114600377188 /* AppDelegate.swift */; };
		320274D729FD114600377188 /* Main.storyboard in Resources */ = {isa = PBXBuildFile; fileRef = 320274D129FD114600377188 /* Main.storyboard */; };
		320274D929FD14B500377188 /* Position.swift in Sources */ = {isa = PBXBuildFile; fileRef = 3202747029FCD2EC00377188 /* Position.swift */; };
		320274DB29FD162900377188 /* RoomCaptureImportedData.swift in Sources */ = {isa = PBXBuildFile; fileRef = 320274DA29FD162900377188 /* RoomCaptureImportedData.swift */; };
		320274DC29FD162F00377188 /* RoomCaptureImportedData.swift in Sources */ = {isa = PBXBuildFile; fileRef = 320274DA29FD162900377188 /* RoomCaptureImportedData.swift */; };
		320274DE29FD1A5400377188 /* RoomCaptureData.swift in Sources */ = {isa = PBXBuildFile; fileRef = 320274DD29FD1A5400377188 /* RoomCaptureData.swift */; };
		320274DF29FD322300377188 /* GameState.swift in Sources */ = {isa = PBXBuildFile; fileRef = 326D429629F7DFEF00AE2F45 /* GameState.swift */; };
		320274E129FD337200377188 /* ConnectedGroupsView.swift in Sources */ = {isa = PBXBuildFile; fileRef = 320274E029FD337200377188 /* ConnectedGroupsView.swift */; };
		320274E329FD33A200377188 /* GroupView.swift in Sources */ = {isa = PBXBuildFile; fileRef = 320274E229FD33A200377188 /* GroupView.swift */; };
		320274E529FD441800377188 /* MapSceneView.swift in Sources */ = {isa = PBXBuildFile; fileRef = 320274E429FD441800377188 /* MapSceneView.swift */; };
		320274E729FD4A0D00377188 /* BeaconOnlineDashboardView.swift in Sources */ = {isa = PBXBuildFile; fileRef = 320274E629FD4A0D00377188 /* BeaconOnlineDashboardView.swift */; };
		320274E929FD522C00377188 /* IndividualOnlineBeaconView.swift in Sources */ = {isa = PBXBuildFile; fileRef = 320274E829FD522C00377188 /* IndividualOnlineBeaconView.swift */; };
		320274EB29FD60C000377188 /* BeaconStatusViewModel.swift in Sources */ = {isa = PBXBuildFile; fileRef = 320274EA29FD60C000377188 /* BeaconStatusViewModel.swift */; };
		320274ED29FE398B00377188 /* MapSceneRenderView.swift in Sources */ = {isa = PBXBuildFile; fileRef = 320274EC29FE398B00377188 /* MapSceneRenderView.swift */; };
		326D428229F7AEB900AE2F45 /* ExploreAbilityApp.swift in Sources */ = {isa = PBXBuildFile; fileRef = 326D428129F7AEB900AE2F45 /* ExploreAbilityApp.swift */; };
		326D428429F7AEB900AE2F45 /* ContentView.swift in Sources */ = {isa = PBXBuildFile; fileRef = 326D428329F7AEB900AE2F45 /* ContentView.swift */; };
		326D428629F7AEBA00AE2F45 /* Assets.xcassets in Resources */ = {isa = PBXBuildFile; fileRef = 326D428529F7AEBA00AE2F45 /* Assets.xcassets */; };
		326D428929F7AEBA00AE2F45 /* Preview Assets.xcassets in Resources */ = {isa = PBXBuildFile; fileRef = 326D428829F7AEBA00AE2F45 /* Preview Assets.xcassets */; };
		326D429029F7BEF200AE2F45 /* TextSizeChallenge.swift in Sources */ = {isa = PBXBuildFile; fileRef = 326D428F29F7BEF200AE2F45 /* TextSizeChallenge.swift */; };
		326D429229F7D28700AE2F45 /* ExploringView.swift in Sources */ = {isa = PBXBuildFile; fileRef = 326D429129F7D28700AE2F45 /* ExploringView.swift */; };
		326D429529F7DFB600AE2F45 /* ViewModel.swift in Sources */ = {isa = PBXBuildFile; fileRef = 326D429429F7DFB600AE2F45 /* ViewModel.swift */; };
		326D429729F7DFEF00AE2F45 /* GameState.swift in Sources */ = {isa = PBXBuildFile; fileRef = 326D429629F7DFEF00AE2F45 /* GameState.swift */; };
		326D429929F7E43600AE2F45 /* VoiceOverChallenge.swift in Sources */ = {isa = PBXBuildFile; fileRef = 326D429829F7E43600AE2F45 /* VoiceOverChallenge.swift */; };
		326D429B29F7FBB100AE2F45 /* ViewModel+MultipeerConnectivity.swift in Sources */ = {isa = PBXBuildFile; fileRef = 326D429A29F7FBB100AE2F45 /* ViewModel+MultipeerConnectivity.swift */; };
		326D429D29F802B400AE2F45 /* MCBrowserView.swift in Sources */ = {isa = PBXBuildFile; fileRef = 326D429C29F802B400AE2F45 /* MCBrowserView.swift */; };
		326D42A529F8044C00AE2F45 /* ExploreAbility_BeaconApp.swift in Sources */ = {isa = PBXBuildFile; fileRef = 326D42A429F8044C00AE2F45 /* ExploreAbility_BeaconApp.swift */; };
		326D42A729F8044C00AE2F45 /* BeaconSetupView.swift in Sources */ = {isa = PBXBuildFile; fileRef = 326D42A629F8044C00AE2F45 /* BeaconSetupView.swift */; };
		326D42A929F8044D00AE2F45 /* Assets.xcassets in Resources */ = {isa = PBXBuildFile; fileRef = 326D42A829F8044D00AE2F45 /* Assets.xcassets */; };
		326D42AC29F8044D00AE2F45 /* Preview Assets.xcassets in Resources */ = {isa = PBXBuildFile; fileRef = 326D42AB29F8044D00AE2F45 /* Preview Assets.xcassets */; };
		326D42B729F8048900AE2F45 /* ExploreAbility_Beacon_MacApp.swift in Sources */ = {isa = PBXBuildFile; fileRef = 326D42B629F8048900AE2F45 /* ExploreAbility_Beacon_MacApp.swift */; };
		326D42BB29F8048A00AE2F45 /* Assets.xcassets in Resources */ = {isa = PBXBuildFile; fileRef = 326D42BA29F8048A00AE2F45 /* Assets.xcassets */; };
		326D42BE29F8048A00AE2F45 /* Preview Assets.xcassets in Resources */ = {isa = PBXBuildFile; fileRef = 326D42BD29F8048A00AE2F45 /* Preview Assets.xcassets */; };
		326D42CA29F804A800AE2F45 /* ExploreAbility_ConsoleApp.swift in Sources */ = {isa = PBXBuildFile; fileRef = 326D42C929F804A800AE2F45 /* ExploreAbility_ConsoleApp.swift */; };
		326D42CC29F804A800AE2F45 /* ContentView.swift in Sources */ = {isa = PBXBuildFile; fileRef = 326D42CB29F804A800AE2F45 /* ContentView.swift */; };
		326D42CE29F804A900AE2F45 /* Assets.xcassets in Resources */ = {isa = PBXBuildFile; fileRef = 326D42CD29F804A900AE2F45 /* Assets.xcassets */; };
		326D42D129F804A900AE2F45 /* Preview Assets.xcassets in Resources */ = {isa = PBXBuildFile; fileRef = 326D42D029F804A900AE2F45 /* Preview Assets.xcassets */; };
		326D42D829F804C600AE2F45 /* MCConstant.swift in Sources */ = {isa = PBXBuildFile; fileRef = 326D42D729F804C600AE2F45 /* MCConstant.swift */; };
		326D42D929F804FA00AE2F45 /* MCConstant.swift in Sources */ = {isa = PBXBuildFile; fileRef = 326D42D729F804C600AE2F45 /* MCConstant.swift */; };
		326D42DA29F804FA00AE2F45 /* MCConstant.swift in Sources */ = {isa = PBXBuildFile; fileRef = 326D42D729F804C600AE2F45 /* MCConstant.swift */; };
		326D42DB29F804FB00AE2F45 /* MCConstant.swift in Sources */ = {isa = PBXBuildFile; fileRef = 326D42D729F804C600AE2F45 /* MCConstant.swift */; };
		326D42E029F8071C00AE2F45 /* ConnectionView.swift in Sources */ = {isa = PBXBuildFile; fileRef = 326D42DF29F8071C00AE2F45 /* ConnectionView.swift */; };
		326D42E229F81C6A00AE2F45 /* ClosedCaptionsChallenge.swift in Sources */ = {isa = PBXBuildFile; fileRef = 326D42E129F81C6A00AE2F45 /* ClosedCaptionsChallenge.swift */; };
		326D42E829F8C5EB00AE2F45 /* GuidedAccessChallenge.swift in Sources */ = {isa = PBXBuildFile; fileRef = 326D42E729F8C5EA00AE2F45 /* GuidedAccessChallenge.swift */; };
		326D42EA29F8E31400AE2F45 /* BeaconManager.swift in Sources */ = {isa = PBXBuildFile; fileRef = 326D42E929F8E31400AE2F45 /* BeaconManager.swift */; };
		326D42EC29F8F4BD00AE2F45 /* CLBeaconRegion.swift in Sources */ = {isa = PBXBuildFile; fileRef = 326D42EB29F8F4BD00AE2F45 /* CLBeaconRegion.swift */; };
		326D42ED29F8F4C100AE2F45 /* CLBeaconRegion.swift in Sources */ = {isa = PBXBuildFile; fileRef = 326D42EB29F8F4BD00AE2F45 /* CLBeaconRegion.swift */; };
		326D42EE29F8F4C200AE2F45 /* CLBeaconRegion.swift in Sources */ = {isa = PBXBuildFile; fileRef = 326D42EB29F8F4BD00AE2F45 /* CLBeaconRegion.swift */; };
		326D42EF29F8F4C300AE2F45 /* CLBeaconRegion.swift in Sources */ = {isa = PBXBuildFile; fileRef = 326D42EB29F8F4BD00AE2F45 /* CLBeaconRegion.swift */; };
		326D42F129F8F65400AE2F45 /* Location.swift in Sources */ = {isa = PBXBuildFile; fileRef = 326D42F029F8F65400AE2F45 /* Location.swift */; };
		326D42F229F8F66200AE2F45 /* Location.swift in Sources */ = {isa = PBXBuildFile; fileRef = 326D42F029F8F65400AE2F45 /* Location.swift */; };
		326D42F329F8F66300AE2F45 /* Location.swift in Sources */ = {isa = PBXBuildFile; fileRef = 326D42F029F8F65400AE2F45 /* Location.swift */; };
		326D42F429F8F66400AE2F45 /* Location.swift in Sources */ = {isa = PBXBuildFile; fileRef = 326D42F029F8F65400AE2F45 /* Location.swift */; };
		326D42F629F8F86F00AE2F45 /* TransmittingView.swift in Sources */ = {isa = PBXBuildFile; fileRef = 326D42F529F8F86F00AE2F45 /* TransmittingView.swift */; };
		326D42F829F8FD9300AE2F45 /* BeaconManager.swift in Sources */ = {isa = PBXBuildFile; fileRef = 326D42E929F8E31400AE2F45 /* BeaconManager.swift */; };
		326D42F929F8FD9300AE2F45 /* BeaconSetupView.swift in Sources */ = {isa = PBXBuildFile; fileRef = 326D42A629F8044C00AE2F45 /* BeaconSetupView.swift */; };
		326D42FA29F8FD9300AE2F45 /* TransmittingView.swift in Sources */ = {isa = PBXBuildFile; fileRef = 326D42F529F8F86F00AE2F45 /* TransmittingView.swift */; };
		326D42FB29F8FDAC00AE2F45 /* ViewModel.swift in Sources */ = {isa = PBXBuildFile; fileRef = 326D42DD29F8057700AE2F45 /* ViewModel.swift */; };
		326D42FD29F8FDE100AE2F45 /* PopupModifier.swift in Sources */ = {isa = PBXBuildFile; fileRef = 326D42FC29F8FDE100AE2F45 /* PopupModifier.swift */; };
		326D42FE29F8FEDF00AE2F45 /* PopupModifier.swift in Sources */ = {isa = PBXBuildFile; fileRef = 326D42FC29F8FDE100AE2F45 /* PopupModifier.swift */; };
		326D432029F9250800AE2F45 /* game.mov in Resources */ = {isa = PBXBuildFile; fileRef = 326D431F29F9250800AE2F45 /* game.mov */; };
		326D432429F92AC800AE2F45 /* success.mov in Resources */ = {isa = PBXBuildFile; fileRef = 326D432329F92AC800AE2F45 /* success.mov */; };
		326D432629F9323700AE2F45 /* ReducedMotionChallenge.swift in Sources */ = {isa = PBXBuildFile; fileRef = 326D432529F9323700AE2F45 /* ReducedMotionChallenge.swift */; };
		32A5342129FA27D4009BC57D /* ViewModel+Speech.swift in Sources */ = {isa = PBXBuildFile; fileRef = 32A5342029FA27D4009BC57D /* ViewModel+Speech.swift */; };
		32A5342329FA2ADD009BC57D /* InternalTestMenu.swift in Sources */ = {isa = PBXBuildFile; fileRef = 32A5342229FA2ADD009BC57D /* InternalTestMenu.swift */; };
		32A5344129FA63B1009BC57D /* ViewModel+CoreLocation.swift in Sources */ = {isa = PBXBuildFile; fileRef = 32A5344029FA63B1009BC57D /* ViewModel+CoreLocation.swift */; };
		32AB441529FE71C300E688BB /* SetBeaconLocationsView.swift in Sources */ = {isa = PBXBuildFile; fileRef = 32AB441429FE71C300E688BB /* SetBeaconLocationsView.swift */; };
		32AB441729FE95E500E688BB /* Group.swift in Sources */ = {isa = PBXBuildFile; fileRef = 32AB441629FE95E500E688BB /* Group.swift */; };
		32AB441929FE9B2200E688BB /* MapCustomisation.swift in Sources */ = {isa = PBXBuildFile; fileRef = 32AB441829FE9B2200E688BB /* MapCustomisation.swift */; };
		32AB441D29FF616F00E688BB /* MessageContents.swift in Sources */ = {isa = PBXBuildFile; fileRef = 32AB441C29FF616F00E688BB /* MessageContents.swift */; };
		32AB441E29FF884800E688BB /* MessageContents.swift in Sources */ = {isa = PBXBuildFile; fileRef = 32AB441C29FF616F00E688BB /* MessageContents.swift */; };
		32AB442029FF9B4B00E688BB /* MapSceneRenderView+Beacon.swift in Sources */ = {isa = PBXBuildFile; fileRef = 32AB441F29FF9B4B00E688BB /* MapSceneRenderView+Beacon.swift */; };
		32AB442229FF9C5900E688BB /* MapSceneRenderView+GridPlane.swift in Sources */ = {isa = PBXBuildFile; fileRef = 32AB442129FF9C5900E688BB /* MapSceneRenderView+GridPlane.swift */; };
		32AB442429FF9CA100E688BB /* MapSceneRenderView+WallOpacity.swift in Sources */ = {isa = PBXBuildFile; fileRef = 32AB442329FF9CA100E688BB /* MapSceneRenderView+WallOpacity.swift */; };
		32AB442629FF9D4100E688BB /* MapSceneRenderView+SceneSetup.swift in Sources */ = {isa = PBXBuildFile; fileRef = 32AB442529FF9D4100E688BB /* MapSceneRenderView+SceneSetup.swift */; };
		32AB442829FF9E9800E688BB /* MapSceneRenderView+MapCustomization.swift in Sources */ = {isa = PBXBuildFile; fileRef = 32AB442729FF9E9800E688BB /* MapSceneRenderView+MapCustomization.swift */; };
		32AB442B29FFBAAE00E688BB /* ClientMessage.swift in Sources */ = {isa = PBXBuildFile; fileRef = 32AB442A29FFBAAE00E688BB /* ClientMessage.swift */; };
		32AB442C29FFBAAE00E688BB /* ClientMessage.swift in Sources */ = {isa = PBXBuildFile; fileRef = 32AB442A29FFBAAE00E688BB /* ClientMessage.swift */; };
		32AB442E29FFBAD300E688BB /* HelloClientMessage.swift in Sources */ = {isa = PBXBuildFile; fileRef = 32AB442D29FFBAD300E688BB /* HelloClientMessage.swift */; };
		32AB442F29FFBAD300E688BB /* HelloClientMessage.swift in Sources */ = {isa = PBXBuildFile; fileRef = 32AB442D29FFBAD300E688BB /* HelloClientMessage.swift */; };
		32AB443229FFBAE900E688BB /* HeartbeatClientMessage.swift in Sources */ = {isa = PBXBuildFile; fileRef = 32AB443129FFBAE900E688BB /* HeartbeatClientMessage.swift */; };
		32AB443329FFBAE900E688BB /* HeartbeatClientMessage.swift in Sources */ = {isa = PBXBuildFile; fileRef = 32AB443129FFBAE900E688BB /* HeartbeatClientMessage.swift */; };
		32AB443529FFBAF500E688BB /* ChallengeCompletionMessage.swift in Sources */ = {isa = PBXBuildFile; fileRef = 32AB443429FFBAF500E688BB /* ChallengeCompletionMessage.swift */; };
		32AB443629FFBAF500E688BB /* ChallengeCompletionMessage.swift in Sources */ = {isa = PBXBuildFile; fileRef = 32AB443429FFBAF500E688BB /* ChallengeCompletionMessage.swift */; };
		32AB443929FFBEA800E688BB /* ConsoleMessage.swift in Sources */ = {isa = PBXBuildFile; fileRef = 32AB443829FFBEA800E688BB /* ConsoleMessage.swift */; };
		32AB443A29FFBEA800E688BB /* ConsoleMessage.swift in Sources */ = {isa = PBXBuildFile; fileRef = 32AB443829FFBEA800E688BB /* ConsoleMessage.swift */; };
		32AB443D29FFC47A00E688BB /* ViewModel+MCSessionDelegate.swift in Sources */ = {isa = PBXBuildFile; fileRef = 32AB443B29FFC47A00E688BB /* ViewModel+MCSessionDelegate.swift */; };
		32AB443F29FFC51B00E688BB /* SessionInfoConsoleMessage.swift in Sources */ = {isa = PBXBuildFile; fileRef = 32AB443E29FFC51B00E688BB /* SessionInfoConsoleMessage.swift */; };
		32AB444029FFC51B00E688BB /* SessionInfoConsoleMessage.swift in Sources */ = {isa = PBXBuildFile; fileRef = 32AB443E29FFC51B00E688BB /* SessionInfoConsoleMessage.swift */; };
		32AB444229FFC54800E688BB /* PositionResponseConsoleMessage.swift in Sources */ = {isa = PBXBuildFile; fileRef = 32AB444129FFC54800E688BB /* PositionResponseConsoleMessage.swift */; };
		32AB444329FFC54800E688BB /* PositionResponseConsoleMessage.swift in Sources */ = {isa = PBXBuildFile; fileRef = 32AB444129FFC54800E688BB /* PositionResponseConsoleMessage.swift */; };
		32AB444529FFC56C00E688BB /* StartGameConsoleMessage.swift in Sources */ = {isa = PBXBuildFile; fileRef = 32AB444429FFC56C00E688BB /* StartGameConsoleMessage.swift */; };
		32AB444629FFC56C00E688BB /* StartGameConsoleMessage.swift in Sources */ = {isa = PBXBuildFile; fileRef = 32AB444429FFC56C00E688BB /* StartGameConsoleMessage.swift */; };
		32AB444829FFC58800E688BB /* NextChallengeConsoleMessage.swift in Sources */ = {isa = PBXBuildFile; fileRef = 32AB444729FFC58800E688BB /* NextChallengeConsoleMessage.swift */; };
		32AB444929FFC58800E688BB /* NextChallengeConsoleMessage.swift in Sources */ = {isa = PBXBuildFile; fileRef = 32AB444729FFC58800E688BB /* NextChallengeConsoleMessage.swift */; };
		32AB444F29FFCF1900E688BB /* ViewModel+MessageHandler.swift in Sources */ = {isa = PBXBuildFile; fileRef = 32AB444D29FFCF1900E688BB /* ViewModel+MessageHandler.swift */; };
		32AB445529FFEA0F00E688BB /* WaitingRoomView.swift in Sources */ = {isa = PBXBuildFile; fileRef = 32AB445429FFEA0F00E688BB /* WaitingRoomView.swift */; };
		32AB445629FFEA0F00E688BB /* WaitingRoomView.swift in Sources */ = {isa = PBXBuildFile; fileRef = 32AB445429FFEA0F00E688BB /* WaitingRoomView.swift */; };
		32AB445929FFF78900E688BB /* GameStatusDashboardView.swift in Sources */ = {isa = PBXBuildFile; fileRef = 32AB445729FFF78900E688BB /* GameStatusDashboardView.swift */; };
		32AB445A29FFF87700E688BB /* GroupSetupView.swift in Sources */ = {isa = PBXBuildFile; fileRef = 32AB445129FFE8B500E688BB /* GroupSetupView.swift */; };
		32AB445D2A00034200E688BB /* GPSHomingDashboardView.swift in Sources */ = {isa = PBXBuildFile; fileRef = 32AB445B2A00034200E688BB /* GPSHomingDashboardView.swift */; };
		32AB44602A00065700E688BB /* GPSHomingMapView.swift in Sources */ = {isa = PBXBuildFile; fileRef = 32AB445E2A00065700E688BB /* GPSHomingMapView.swift */; };
		32AB44622A003BF400E688BB /* MapPreviewView.swift in Sources */ = {isa = PBXBuildFile; fileRef = 32AB44612A003BF400E688BB /* MapPreviewView.swift */; };
		32AB44652A003D1900E688BB /* Walls.swift in Sources */ = {isa = PBXBuildFile; fileRef = 32AB44642A003D1900E688BB /* Walls.swift */; };
/* End PBXBuildFile section */

/* Begin PBXFileReference section */
		3202746E29FC164500377188 /* DeveloperMenuConfirmationView.swift */ = {isa = PBXFileReference; lastKnownFileType = sourcecode.swift; path = DeveloperMenuConfirmationView.swift; sourceTree = "<group>"; };
		3202747029FCD2EC00377188 /* Position.swift */ = {isa = PBXFileReference; lastKnownFileType = sourcecode.swift; path = Position.swift; sourceTree = "<group>"; };
		3202747529FCD30300377188 /* PeerLocation.swift */ = {isa = PBXFileReference; lastKnownFileType = sourcecode.swift; path = PeerLocation.swift; sourceTree = "<group>"; };
		3202747729FCD31D00377188 /* IPSPosition.swift */ = {isa = PBXFileReference; lastKnownFileType = sourcecode.swift; path = IPSPosition.swift; sourceTree = "<group>"; };
		3202747B29FCD88A00377188 /* LoggerView.swift */ = {isa = PBXFileReference; lastKnownFileType = sourcecode.swift; path = LoggerView.swift; sourceTree = "<group>"; };
		3202747D29FCDA1400377188 /* DashboardView.swift */ = {isa = PBXFileReference; lastKnownFileType = sourcecode.swift; path = DashboardView.swift; sourceTree = "<group>"; };
		3202747F29FCDD2300377188 /* MapView.swift */ = {isa = PBXFileReference; lastKnownFileType = sourcecode.swift; path = MapView.swift; sourceTree = "<group>"; };
		3202748129FCE6E100377188 /* DashboardElement.swift */ = {isa = PBXFileReference; lastKnownFileType = sourcecode.swift; path = DashboardElement.swift; sourceTree = "<group>"; };
		3202748329FCE86900377188 /* HostingCommandView.swift */ = {isa = PBXFileReference; lastKnownFileType = sourcecode.swift; path = HostingCommandView.swift; sourceTree = "<group>"; };
		3202748529FCE94C00377188 /* LoggerViewModel.swift */ = {isa = PBXFileReference; lastKnownFileType = sourcecode.swift; path = LoggerViewModel.swift; sourceTree = "<group>"; };
		3202748729FCEBBC00377188 /* Log.swift */ = {isa = PBXFileReference; lastKnownFileType = sourcecode.swift; path = Log.swift; sourceTree = "<group>"; };
		3202748B29FCEF2D00377188 /* LogType.swift */ = {isa = PBXFileReference; lastKnownFileType = sourcecode.swift; path = LogType.swift; sourceTree = "<group>"; };
		3202749029FCF33600377188 /* RoomModelImportCommandView.swift */ = {isa = PBXFileReference; lastKnownFileType = sourcecode.swift; path = RoomModelImportCommandView.swift; sourceTree = "<group>"; };
		3202749229FCF7BD00377188 /* SetBeaconLocationsCommandView.swift */ = {isa = PBXFileReference; lastKnownFileType = sourcecode.swift; path = SetBeaconLocationsCommandView.swift; sourceTree = "<group>"; };
		320274B629FD088800377188 /* ExploreAbility Room Scanner.app */ = {isa = PBXFileReference; explicitFileType = wrapper.application; includeInIndex = 0; path = "ExploreAbility Room Scanner.app"; sourceTree = BUILT_PRODUCTS_DIR; };
		320274BC29FD088900377188 /* Assets.xcassets */ = {isa = PBXFileReference; lastKnownFileType = folder.assetcatalog; path = Assets.xcassets; sourceTree = "<group>"; };
		320274BF29FD088900377188 /* Preview Assets.xcassets */ = {isa = PBXFileReference; lastKnownFileType = folder.assetcatalog; path = "Preview Assets.xcassets"; sourceTree = "<group>"; };
		320274CC29FD114600377188 /* RoomCaptureViewController.swift */ = {isa = PBXFileReference; fileEncoding = 4; lastKnownFileType = sourcecode.swift; path = RoomCaptureViewController.swift; sourceTree = "<group>"; };
		320274CD29FD114600377188 /* OnboardingViewController.swift */ = {isa = PBXFileReference; fileEncoding = 4; lastKnownFileType = sourcecode.swift; path = OnboardingViewController.swift; sourceTree = "<group>"; };
		320274CE29FD114600377188 /* SceneDelegate.swift */ = {isa = PBXFileReference; fileEncoding = 4; lastKnownFileType = sourcecode.swift; path = SceneDelegate.swift; sourceTree = "<group>"; };
		320274CF29FD114600377188 /* UnsupportedDevice.storyboard */ = {isa = PBXFileReference; fileEncoding = 4; lastKnownFileType = file.storyboard; path = UnsupportedDevice.storyboard; sourceTree = "<group>"; };
		320274D029FD114600377188 /* AppDelegate.swift */ = {isa = PBXFileReference; fileEncoding = 4; lastKnownFileType = sourcecode.swift; path = AppDelegate.swift; sourceTree = "<group>"; };
		320274D129FD114600377188 /* Main.storyboard */ = {isa = PBXFileReference; fileEncoding = 4; lastKnownFileType = file.storyboard; path = Main.storyboard; sourceTree = "<group>"; };
		320274D829FD11FC00377188 /* ExploreAbility-Room-Scanner-Info.plist */ = {isa = PBXFileReference; lastKnownFileType = text.plist; path = "ExploreAbility-Room-Scanner-Info.plist"; sourceTree = SOURCE_ROOT; };
		320274DA29FD162900377188 /* RoomCaptureImportedData.swift */ = {isa = PBXFileReference; lastKnownFileType = sourcecode.swift; path = RoomCaptureImportedData.swift; sourceTree = "<group>"; };
		320274DD29FD1A5400377188 /* RoomCaptureData.swift */ = {isa = PBXFileReference; lastKnownFileType = sourcecode.swift; path = RoomCaptureData.swift; sourceTree = "<group>"; };
		320274E029FD337200377188 /* ConnectedGroupsView.swift */ = {isa = PBXFileReference; lastKnownFileType = sourcecode.swift; path = ConnectedGroupsView.swift; sourceTree = "<group>"; };
		320274E229FD33A200377188 /* GroupView.swift */ = {isa = PBXFileReference; lastKnownFileType = sourcecode.swift; path = GroupView.swift; sourceTree = "<group>"; };
		320274E429FD441800377188 /* MapSceneView.swift */ = {isa = PBXFileReference; lastKnownFileType = sourcecode.swift; path = MapSceneView.swift; sourceTree = "<group>"; };
		320274E629FD4A0D00377188 /* BeaconOnlineDashboardView.swift */ = {isa = PBXFileReference; lastKnownFileType = sourcecode.swift; path = BeaconOnlineDashboardView.swift; sourceTree = "<group>"; };
		320274E829FD522C00377188 /* IndividualOnlineBeaconView.swift */ = {isa = PBXFileReference; lastKnownFileType = sourcecode.swift; path = IndividualOnlineBeaconView.swift; sourceTree = "<group>"; };
		320274EA29FD60C000377188 /* BeaconStatusViewModel.swift */ = {isa = PBXFileReference; lastKnownFileType = sourcecode.swift; path = BeaconStatusViewModel.swift; sourceTree = "<group>"; };
		320274EC29FE398B00377188 /* MapSceneRenderView.swift */ = {isa = PBXFileReference; lastKnownFileType = sourcecode.swift; path = MapSceneRenderView.swift; sourceTree = "<group>"; };
		326D427E29F7AEB900AE2F45 /* ExploreAbility.app */ = {isa = PBXFileReference; explicitFileType = wrapper.application; includeInIndex = 0; path = ExploreAbility.app; sourceTree = BUILT_PRODUCTS_DIR; };
		326D428129F7AEB900AE2F45 /* ExploreAbilityApp.swift */ = {isa = PBXFileReference; lastKnownFileType = sourcecode.swift; path = ExploreAbilityApp.swift; sourceTree = "<group>"; };
		326D428329F7AEB900AE2F45 /* ContentView.swift */ = {isa = PBXFileReference; lastKnownFileType = sourcecode.swift; path = ContentView.swift; sourceTree = "<group>"; };
		326D428529F7AEBA00AE2F45 /* Assets.xcassets */ = {isa = PBXFileReference; lastKnownFileType = folder.assetcatalog; path = Assets.xcassets; sourceTree = "<group>"; };
		326D428829F7AEBA00AE2F45 /* Preview Assets.xcassets */ = {isa = PBXFileReference; lastKnownFileType = folder.assetcatalog; path = "Preview Assets.xcassets"; sourceTree = "<group>"; };
		326D428F29F7BEF200AE2F45 /* TextSizeChallenge.swift */ = {isa = PBXFileReference; lastKnownFileType = sourcecode.swift; path = TextSizeChallenge.swift; sourceTree = "<group>"; };
		326D429129F7D28700AE2F45 /* ExploringView.swift */ = {isa = PBXFileReference; lastKnownFileType = sourcecode.swift; path = ExploringView.swift; sourceTree = "<group>"; };
		326D429429F7DFB600AE2F45 /* ViewModel.swift */ = {isa = PBXFileReference; lastKnownFileType = sourcecode.swift; path = ViewModel.swift; sourceTree = "<group>"; };
		326D429629F7DFEF00AE2F45 /* GameState.swift */ = {isa = PBXFileReference; lastKnownFileType = sourcecode.swift; path = GameState.swift; sourceTree = "<group>"; };
		326D429829F7E43600AE2F45 /* VoiceOverChallenge.swift */ = {isa = PBXFileReference; lastKnownFileType = sourcecode.swift; path = VoiceOverChallenge.swift; sourceTree = "<group>"; };
		326D429A29F7FBB100AE2F45 /* ViewModel+MultipeerConnectivity.swift */ = {isa = PBXFileReference; lastKnownFileType = sourcecode.swift; path = "ViewModel+MultipeerConnectivity.swift"; sourceTree = "<group>"; };
		326D429C29F802B400AE2F45 /* MCBrowserView.swift */ = {isa = PBXFileReference; lastKnownFileType = sourcecode.swift; path = MCBrowserView.swift; sourceTree = "<group>"; };
		326D42A229F8044C00AE2F45 /* ExploreAbility Beacon.app */ = {isa = PBXFileReference; explicitFileType = wrapper.application; includeInIndex = 0; path = "ExploreAbility Beacon.app"; sourceTree = BUILT_PRODUCTS_DIR; };
		326D42A429F8044C00AE2F45 /* ExploreAbility_BeaconApp.swift */ = {isa = PBXFileReference; lastKnownFileType = sourcecode.swift; path = ExploreAbility_BeaconApp.swift; sourceTree = "<group>"; };
		326D42A629F8044C00AE2F45 /* BeaconSetupView.swift */ = {isa = PBXFileReference; lastKnownFileType = sourcecode.swift; path = BeaconSetupView.swift; sourceTree = "<group>"; };
		326D42A829F8044D00AE2F45 /* Assets.xcassets */ = {isa = PBXFileReference; lastKnownFileType = folder.assetcatalog; path = Assets.xcassets; sourceTree = "<group>"; };
		326D42AB29F8044D00AE2F45 /* Preview Assets.xcassets */ = {isa = PBXFileReference; lastKnownFileType = folder.assetcatalog; path = "Preview Assets.xcassets"; sourceTree = "<group>"; };
		326D42B429F8048900AE2F45 /* ExploreAbility Beacon Mac.app */ = {isa = PBXFileReference; explicitFileType = wrapper.application; includeInIndex = 0; path = "ExploreAbility Beacon Mac.app"; sourceTree = BUILT_PRODUCTS_DIR; };
		326D42B629F8048900AE2F45 /* ExploreAbility_Beacon_MacApp.swift */ = {isa = PBXFileReference; lastKnownFileType = sourcecode.swift; path = ExploreAbility_Beacon_MacApp.swift; sourceTree = "<group>"; };
		326D42BA29F8048A00AE2F45 /* Assets.xcassets */ = {isa = PBXFileReference; lastKnownFileType = folder.assetcatalog; path = Assets.xcassets; sourceTree = "<group>"; };
		326D42BD29F8048A00AE2F45 /* Preview Assets.xcassets */ = {isa = PBXFileReference; lastKnownFileType = folder.assetcatalog; path = "Preview Assets.xcassets"; sourceTree = "<group>"; };
		326D42BF29F8048A00AE2F45 /* ExploreAbility_Beacon_Mac.entitlements */ = {isa = PBXFileReference; lastKnownFileType = text.plist.entitlements; path = ExploreAbility_Beacon_Mac.entitlements; sourceTree = "<group>"; };
		326D42C729F804A800AE2F45 /* ExploreAbility Console.app */ = {isa = PBXFileReference; explicitFileType = wrapper.application; includeInIndex = 0; path = "ExploreAbility Console.app"; sourceTree = BUILT_PRODUCTS_DIR; };
		326D42C929F804A800AE2F45 /* ExploreAbility_ConsoleApp.swift */ = {isa = PBXFileReference; lastKnownFileType = sourcecode.swift; path = ExploreAbility_ConsoleApp.swift; sourceTree = "<group>"; };
		326D42CB29F804A800AE2F45 /* ContentView.swift */ = {isa = PBXFileReference; lastKnownFileType = sourcecode.swift; path = ContentView.swift; sourceTree = "<group>"; };
		326D42CD29F804A900AE2F45 /* Assets.xcassets */ = {isa = PBXFileReference; lastKnownFileType = folder.assetcatalog; path = Assets.xcassets; sourceTree = "<group>"; };
		326D42D029F804A900AE2F45 /* Preview Assets.xcassets */ = {isa = PBXFileReference; lastKnownFileType = folder.assetcatalog; path = "Preview Assets.xcassets"; sourceTree = "<group>"; };
		326D42D229F804A900AE2F45 /* ExploreAbility_Console.entitlements */ = {isa = PBXFileReference; lastKnownFileType = text.plist.entitlements; path = ExploreAbility_Console.entitlements; sourceTree = "<group>"; };
		326D42D729F804C600AE2F45 /* MCConstant.swift */ = {isa = PBXFileReference; lastKnownFileType = sourcecode.swift; path = MCConstant.swift; sourceTree = "<group>"; };
		326D42DD29F8057700AE2F45 /* ViewModel.swift */ = {isa = PBXFileReference; lastKnownFileType = sourcecode.swift; path = ViewModel.swift; sourceTree = "<group>"; };
		326D42DF29F8071C00AE2F45 /* ConnectionView.swift */ = {isa = PBXFileReference; lastKnownFileType = sourcecode.swift; path = ConnectionView.swift; sourceTree = "<group>"; };
		326D42E129F81C6A00AE2F45 /* ClosedCaptionsChallenge.swift */ = {isa = PBXFileReference; lastKnownFileType = sourcecode.swift; path = ClosedCaptionsChallenge.swift; sourceTree = "<group>"; };
		326D42E729F8C5EA00AE2F45 /* GuidedAccessChallenge.swift */ = {isa = PBXFileReference; lastKnownFileType = sourcecode.swift; path = GuidedAccessChallenge.swift; sourceTree = "<group>"; };
		326D42E929F8E31400AE2F45 /* BeaconManager.swift */ = {isa = PBXFileReference; lastKnownFileType = sourcecode.swift; path = BeaconManager.swift; sourceTree = "<group>"; };
		326D42EB29F8F4BD00AE2F45 /* CLBeaconRegion.swift */ = {isa = PBXFileReference; lastKnownFileType = sourcecode.swift; path = CLBeaconRegion.swift; sourceTree = "<group>"; };
		326D42F029F8F65400AE2F45 /* Location.swift */ = {isa = PBXFileReference; lastKnownFileType = sourcecode.swift; path = Location.swift; sourceTree = "<group>"; };
		326D42F529F8F86F00AE2F45 /* TransmittingView.swift */ = {isa = PBXFileReference; lastKnownFileType = sourcecode.swift; path = TransmittingView.swift; sourceTree = "<group>"; };
		326D42FC29F8FDE100AE2F45 /* PopupModifier.swift */ = {isa = PBXFileReference; lastKnownFileType = sourcecode.swift; path = PopupModifier.swift; sourceTree = "<group>"; };
		326D431F29F9250800AE2F45 /* game.mov */ = {isa = PBXFileReference; lastKnownFileType = video.quicktime; path = game.mov; sourceTree = "<group>"; };
		326D432329F92AC800AE2F45 /* success.mov */ = {isa = PBXFileReference; lastKnownFileType = video.quicktime; path = success.mov; sourceTree = "<group>"; };
		326D432529F9323700AE2F45 /* ReducedMotionChallenge.swift */ = {isa = PBXFileReference; lastKnownFileType = sourcecode.swift; path = ReducedMotionChallenge.swift; sourceTree = "<group>"; };
		326D432729F9578400AE2F45 /* ExploreAbility-Beacon-Info.plist */ = {isa = PBXFileReference; lastKnownFileType = text.plist; path = "ExploreAbility-Beacon-Info.plist"; sourceTree = SOURCE_ROOT; };
		326D432829F9599100AE2F45 /* Info.plist */ = {isa = PBXFileReference; lastKnownFileType = text.plist; path = Info.plist; sourceTree = "<group>"; };
		32A5342029FA27D4009BC57D /* ViewModel+Speech.swift */ = {isa = PBXFileReference; lastKnownFileType = sourcecode.swift; path = "ViewModel+Speech.swift"; sourceTree = "<group>"; };
		32A5342229FA2ADD009BC57D /* InternalTestMenu.swift */ = {isa = PBXFileReference; lastKnownFileType = sourcecode.swift; path = InternalTestMenu.swift; sourceTree = "<group>"; };
		32A5344029FA63B1009BC57D /* ViewModel+CoreLocation.swift */ = {isa = PBXFileReference; lastKnownFileType = sourcecode.swift; path = "ViewModel+CoreLocation.swift"; sourceTree = "<group>"; };
		32AB441429FE71C300E688BB /* SetBeaconLocationsView.swift */ = {isa = PBXFileReference; lastKnownFileType = sourcecode.swift; path = SetBeaconLocationsView.swift; sourceTree = "<group>"; };
		32AB441629FE95E500E688BB /* Group.swift */ = {isa = PBXFileReference; lastKnownFileType = sourcecode.swift; path = Group.swift; sourceTree = "<group>"; };
		32AB441829FE9B2200E688BB /* MapCustomisation.swift */ = {isa = PBXFileReference; lastKnownFileType = sourcecode.swift; path = MapCustomisation.swift; sourceTree = "<group>"; };
		32AB441C29FF616F00E688BB /* MessageContents.swift */ = {isa = PBXFileReference; lastKnownFileType = sourcecode.swift; path = MessageContents.swift; sourceTree = "<group>"; };
		32AB441F29FF9B4B00E688BB /* MapSceneRenderView+Beacon.swift */ = {isa = PBXFileReference; lastKnownFileType = sourcecode.swift; path = "MapSceneRenderView+Beacon.swift"; sourceTree = "<group>"; };
		32AB442129FF9C5900E688BB /* MapSceneRenderView+GridPlane.swift */ = {isa = PBXFileReference; lastKnownFileType = sourcecode.swift; path = "MapSceneRenderView+GridPlane.swift"; sourceTree = "<group>"; };
		32AB442329FF9CA100E688BB /* MapSceneRenderView+WallOpacity.swift */ = {isa = PBXFileReference; lastKnownFileType = sourcecode.swift; path = "MapSceneRenderView+WallOpacity.swift"; sourceTree = "<group>"; };
		32AB442529FF9D4100E688BB /* MapSceneRenderView+SceneSetup.swift */ = {isa = PBXFileReference; lastKnownFileType = sourcecode.swift; path = "MapSceneRenderView+SceneSetup.swift"; sourceTree = "<group>"; };
		32AB442729FF9E9800E688BB /* MapSceneRenderView+MapCustomization.swift */ = {isa = PBXFileReference; lastKnownFileType = sourcecode.swift; path = "MapSceneRenderView+MapCustomization.swift"; sourceTree = "<group>"; };
		32AB442A29FFBAAE00E688BB /* ClientMessage.swift */ = {isa = PBXFileReference; lastKnownFileType = sourcecode.swift; path = ClientMessage.swift; sourceTree = "<group>"; };
		32AB442D29FFBAD300E688BB /* HelloClientMessage.swift */ = {isa = PBXFileReference; lastKnownFileType = sourcecode.swift; path = HelloClientMessage.swift; sourceTree = "<group>"; };
		32AB443129FFBAE900E688BB /* HeartbeatClientMessage.swift */ = {isa = PBXFileReference; lastKnownFileType = sourcecode.swift; path = HeartbeatClientMessage.swift; sourceTree = "<group>"; };
		32AB443429FFBAF500E688BB /* ChallengeCompletionMessage.swift */ = {isa = PBXFileReference; lastKnownFileType = sourcecode.swift; path = ChallengeCompletionMessage.swift; sourceTree = "<group>"; };
		32AB443829FFBEA800E688BB /* ConsoleMessage.swift */ = {isa = PBXFileReference; lastKnownFileType = sourcecode.swift; path = ConsoleMessage.swift; sourceTree = "<group>"; };
		32AB443B29FFC47A00E688BB /* ViewModel+MCSessionDelegate.swift */ = {isa = PBXFileReference; lastKnownFileType = sourcecode.swift; path = "ViewModel+MCSessionDelegate.swift"; sourceTree = "<group>"; };
		32AB443E29FFC51B00E688BB /* SessionInfoConsoleMessage.swift */ = {isa = PBXFileReference; lastKnownFileType = sourcecode.swift; path = SessionInfoConsoleMessage.swift; sourceTree = "<group>"; };
		32AB444129FFC54800E688BB /* PositionResponseConsoleMessage.swift */ = {isa = PBXFileReference; lastKnownFileType = sourcecode.swift; path = PositionResponseConsoleMessage.swift; sourceTree = "<group>"; };
		32AB444429FFC56C00E688BB /* StartGameConsoleMessage.swift */ = {isa = PBXFileReference; lastKnownFileType = sourcecode.swift; path = StartGameConsoleMessage.swift; sourceTree = "<group>"; };
		32AB444729FFC58800E688BB /* NextChallengeConsoleMessage.swift */ = {isa = PBXFileReference; lastKnownFileType = sourcecode.swift; path = NextChallengeConsoleMessage.swift; sourceTree = "<group>"; };
		32AB444D29FFCF1900E688BB /* ViewModel+MessageHandler.swift */ = {isa = PBXFileReference; lastKnownFileType = sourcecode.swift; path = "ViewModel+MessageHandler.swift"; sourceTree = "<group>"; };
		32AB445129FFE8B500E688BB /* GroupSetupView.swift */ = {isa = PBXFileReference; lastKnownFileType = sourcecode.swift; path = GroupSetupView.swift; sourceTree = "<group>"; };
		32AB445429FFEA0F00E688BB /* WaitingRoomView.swift */ = {isa = PBXFileReference; lastKnownFileType = sourcecode.swift; path = WaitingRoomView.swift; sourceTree = "<group>"; };
		32AB445729FFF78900E688BB /* GameStatusDashboardView.swift */ = {isa = PBXFileReference; lastKnownFileType = sourcecode.swift; path = GameStatusDashboardView.swift; sourceTree = "<group>"; };
		32AB445B2A00034200E688BB /* GPSHomingDashboardView.swift */ = {isa = PBXFileReference; lastKnownFileType = sourcecode.swift; path = GPSHomingDashboardView.swift; sourceTree = "<group>"; };
		32AB445E2A00065700E688BB /* GPSHomingMapView.swift */ = {isa = PBXFileReference; lastKnownFileType = sourcecode.swift; path = GPSHomingMapView.swift; sourceTree = "<group>"; };
		32AB44612A003BF400E688BB /* MapPreviewView.swift */ = {isa = PBXFileReference; lastKnownFileType = sourcecode.swift; path = MapPreviewView.swift; sourceTree = "<group>"; };
		32AB44642A003D1900E688BB /* Walls.swift */ = {isa = PBXFileReference; lastKnownFileType = sourcecode.swift; path = Walls.swift; sourceTree = "<group>"; };
/* End PBXFileReference section */

/* Begin PBXFrameworksBuildPhase section */
		320274B329FD088800377188 /* Frameworks */ = {
			isa = PBXFrameworksBuildPhase;
			buildActionMask = 2147483647;
			files = (
			);
			runOnlyForDeploymentPostprocessing = 0;
		};
		326D427B29F7AEB900AE2F45 /* Frameworks */ = {
			isa = PBXFrameworksBuildPhase;
			buildActionMask = 2147483647;
			files = (
			);
			runOnlyForDeploymentPostprocessing = 0;
		};
		326D429F29F8044C00AE2F45 /* Frameworks */ = {
			isa = PBXFrameworksBuildPhase;
			buildActionMask = 2147483647;
			files = (
			);
			runOnlyForDeploymentPostprocessing = 0;
		};
		326D42B129F8048900AE2F45 /* Frameworks */ = {
			isa = PBXFrameworksBuildPhase;
			buildActionMask = 2147483647;
			files = (
			);
			runOnlyForDeploymentPostprocessing = 0;
		};
		326D42C429F804A800AE2F45 /* Frameworks */ = {
			isa = PBXFrameworksBuildPhase;
			buildActionMask = 2147483647;
			files = (
			);
			runOnlyForDeploymentPostprocessing = 0;
		};
/* End PBXFrameworksBuildPhase section */

/* Begin PBXGroup section */
		3202748929FCEF1800377188 /* View */ = {
			isa = PBXGroup;
			children = (
				326D42CB29F804A800AE2F45 /* ContentView.swift */,
				32AB441B29FF5FB600E688BB /* Connected Groups */,
				32AB441A29FF5FAE00E688BB /* Map Views */,
				3202747B29FCD88A00377188 /* LoggerView.swift */,
				3202748F29FCEF6100377188 /* Commands */,
			);
			path = View;
			sourceTree = "<group>";
		};
		3202748A29FCEF2000377188 /* View Model */ = {
			isa = PBXGroup;
			children = (
				326D42DD29F8057700AE2F45 /* ViewModel.swift */,
				32AB443B29FFC47A00E688BB /* ViewModel+MCSessionDelegate.swift */,
				32AB444D29FFCF1900E688BB /* ViewModel+MessageHandler.swift */,
				320274EA29FD60C000377188 /* BeaconStatusViewModel.swift */,
				3202748529FCE94C00377188 /* LoggerViewModel.swift */,
			);
			path = "View Model";
			sourceTree = "<group>";
		};
		3202748D29FCEF3600377188 /* Model */ = {
			isa = PBXGroup;
			children = (
				3202748729FCEBBC00377188 /* Log.swift */,
				3202748B29FCEF2D00377188 /* LogType.swift */,
				320274DD29FD1A5400377188 /* RoomCaptureData.swift */,
				3202747529FCD30300377188 /* PeerLocation.swift */,
				32AB441629FE95E500E688BB /* Group.swift */,
				32AB441829FE9B2200E688BB /* MapCustomisation.swift */,
			);
			path = Model;
			sourceTree = "<group>";
		};
		3202748E29FCEF5000377188 /* Individual Command View */ = {
			isa = PBXGroup;
			children = (
				3202748129FCE6E100377188 /* DashboardElement.swift */,
				32AB445729FFF78900E688BB /* GameStatusDashboardView.swift */,
				320274E629FD4A0D00377188 /* BeaconOnlineDashboardView.swift */,
				320274E829FD522C00377188 /* IndividualOnlineBeaconView.swift */,
				3202748329FCE86900377188 /* HostingCommandView.swift */,
				3202749029FCF33600377188 /* RoomModelImportCommandView.swift */,
				3202749229FCF7BD00377188 /* SetBeaconLocationsCommandView.swift */,
				32AB441429FE71C300E688BB /* SetBeaconLocationsView.swift */,
				32AB445B2A00034200E688BB /* GPSHomingDashboardView.swift */,
				32AB445E2A00065700E688BB /* GPSHomingMapView.swift */,
				32AB44612A003BF400E688BB /* MapPreviewView.swift */,
			);
			path = "Individual Command View";
			sourceTree = "<group>";
		};
		3202748F29FCEF6100377188 /* Commands */ = {
			isa = PBXGroup;
			children = (
				3202747D29FCDA1400377188 /* DashboardView.swift */,
				3202748E29FCEF5000377188 /* Individual Command View */,
			);
			path = Commands;
			sourceTree = "<group>";
		};
		320274B729FD088800377188 /* ExploreAbility Room Scanner */ = {
			isa = PBXGroup;
			children = (
				320274D829FD11FC00377188 /* ExploreAbility-Room-Scanner-Info.plist */,
				320274D029FD114600377188 /* AppDelegate.swift */,
				320274CE29FD114600377188 /* SceneDelegate.swift */,
				320274D129FD114600377188 /* Main.storyboard */,
				320274CD29FD114600377188 /* OnboardingViewController.swift */,
				320274CC29FD114600377188 /* RoomCaptureViewController.swift */,
				320274CF29FD114600377188 /* UnsupportedDevice.storyboard */,
				320274BC29FD088900377188 /* Assets.xcassets */,
				320274BE29FD088900377188 /* Preview Content */,
			);
			path = "ExploreAbility Room Scanner";
			sourceTree = "<group>";
		};
		320274BE29FD088900377188 /* Preview Content */ = {
			isa = PBXGroup;
			children = (
				320274BF29FD088900377188 /* Preview Assets.xcassets */,
			);
			path = "Preview Content";
			sourceTree = "<group>";
		};
		326D427529F7AEB900AE2F45 = {
			isa = PBXGroup;
			children = (
				326D42D629F804B100AE2F45 /* Shared */,
				326D428029F7AEB900AE2F45 /* ExploreAbility */,
				326D42C829F804A800AE2F45 /* ExploreAbility Console */,
				326D42F729F8FD6E00AE2F45 /* ExploreAbility Beacon Shared */,
				326D42A329F8044C00AE2F45 /* ExploreAbility Beacon */,
				326D42B529F8048900AE2F45 /* ExploreAbility Beacon Mac */,
				320274B729FD088800377188 /* ExploreAbility Room Scanner */,
				326D427F29F7AEB900AE2F45 /* Products */,
			);
			sourceTree = "<group>";
		};
		326D427F29F7AEB900AE2F45 /* Products */ = {
			isa = PBXGroup;
			children = (
				326D427E29F7AEB900AE2F45 /* ExploreAbility.app */,
				326D42A229F8044C00AE2F45 /* ExploreAbility Beacon.app */,
				326D42B429F8048900AE2F45 /* ExploreAbility Beacon Mac.app */,
				326D42C729F804A800AE2F45 /* ExploreAbility Console.app */,
				320274B629FD088800377188 /* ExploreAbility Room Scanner.app */,
			);
			name = Products;
			sourceTree = "<group>";
		};
		326D428029F7AEB900AE2F45 /* ExploreAbility */ = {
			isa = PBXGroup;
			children = (
				326D432829F9599100AE2F45 /* Info.plist */,
				326D428129F7AEB900AE2F45 /* ExploreAbilityApp.swift */,
				32AB445029FFE86F00E688BB /* View Model */,
				326D42DC29F8052B00AE2F45 /* View */,
				326D428529F7AEBA00AE2F45 /* Assets.xcassets */,
				326D432329F92AC800AE2F45 /* success.mov */,
				326D431F29F9250800AE2F45 /* game.mov */,
				326D428729F7AEBA00AE2F45 /* Preview Content */,
			);
			path = ExploreAbility;
			sourceTree = "<group>";
		};
		326D428729F7AEBA00AE2F45 /* Preview Content */ = {
			isa = PBXGroup;
			children = (
				326D428829F7AEBA00AE2F45 /* Preview Assets.xcassets */,
			);
			path = "Preview Content";
			sourceTree = "<group>";
		};
		326D429329F7DF8800AE2F45 /* Challenges */ = {
			isa = PBXGroup;
			children = (
				326D428F29F7BEF200AE2F45 /* TextSizeChallenge.swift */,
				326D429829F7E43600AE2F45 /* VoiceOverChallenge.swift */,
				326D42E129F81C6A00AE2F45 /* ClosedCaptionsChallenge.swift */,
				326D432529F9323700AE2F45 /* ReducedMotionChallenge.swift */,
				326D42E729F8C5EA00AE2F45 /* GuidedAccessChallenge.swift */,
			);
			path = Challenges;
			sourceTree = "<group>";
		};
		326D42A329F8044C00AE2F45 /* ExploreAbility Beacon */ = {
			isa = PBXGroup;
			children = (
				326D432729F9578400AE2F45 /* ExploreAbility-Beacon-Info.plist */,
				326D42A429F8044C00AE2F45 /* ExploreAbility_BeaconApp.swift */,
				326D42A829F8044D00AE2F45 /* Assets.xcassets */,
				326D42AA29F8044D00AE2F45 /* Preview Content */,
			);
			path = "ExploreAbility Beacon";
			sourceTree = "<group>";
		};
		326D42AA29F8044D00AE2F45 /* Preview Content */ = {
			isa = PBXGroup;
			children = (
				326D42AB29F8044D00AE2F45 /* Preview Assets.xcassets */,
			);
			path = "Preview Content";
			sourceTree = "<group>";
		};
		326D42B529F8048900AE2F45 /* ExploreAbility Beacon Mac */ = {
			isa = PBXGroup;
			children = (
				326D42B629F8048900AE2F45 /* ExploreAbility_Beacon_MacApp.swift */,
				326D42BA29F8048A00AE2F45 /* Assets.xcassets */,
				326D42BF29F8048A00AE2F45 /* ExploreAbility_Beacon_Mac.entitlements */,
				326D42BC29F8048A00AE2F45 /* Preview Content */,
			);
			path = "ExploreAbility Beacon Mac";
			sourceTree = "<group>";
		};
		326D42BC29F8048A00AE2F45 /* Preview Content */ = {
			isa = PBXGroup;
			children = (
				326D42BD29F8048A00AE2F45 /* Preview Assets.xcassets */,
			);
			path = "Preview Content";
			sourceTree = "<group>";
		};
		326D42C829F804A800AE2F45 /* ExploreAbility Console */ = {
			isa = PBXGroup;
			children = (
				326D42C929F804A800AE2F45 /* ExploreAbility_ConsoleApp.swift */,
				32AB44632A003D1200E688BB /* Helper Functions */,
				3202748D29FCEF3600377188 /* Model */,
				3202748929FCEF1800377188 /* View */,
				3202748A29FCEF2000377188 /* View Model */,
				326D42CD29F804A900AE2F45 /* Assets.xcassets */,
				326D42D229F804A900AE2F45 /* ExploreAbility_Console.entitlements */,
				326D42CF29F804A900AE2F45 /* Preview Content */,
			);
			path = "ExploreAbility Console";
			sourceTree = "<group>";
		};
		326D42CF29F804A900AE2F45 /* Preview Content */ = {
			isa = PBXGroup;
			children = (
				326D42D029F804A900AE2F45 /* Preview Assets.xcassets */,
			);
			path = "Preview Content";
			sourceTree = "<group>";
		};
		326D42D629F804B100AE2F45 /* Shared */ = {
			isa = PBXGroup;
			children = (
				326D42D729F804C600AE2F45 /* MCConstant.swift */,
				326D42EB29F8F4BD00AE2F45 /* CLBeaconRegion.swift */,
				326D42F029F8F65400AE2F45 /* Location.swift */,
				3202747029FCD2EC00377188 /* Position.swift */,
				320274DA29FD162900377188 /* RoomCaptureImportedData.swift */,
				3202747729FCD31D00377188 /* IPSPosition.swift */,
				326D429629F7DFEF00AE2F45 /* GameState.swift */,
				32AB442929FFBA9600E688BB /* Messages */,
			);
			path = Shared;
			sourceTree = "<group>";
		};
		326D42DC29F8052B00AE2F45 /* View */ = {
			isa = PBXGroup;
			children = (
				326D428329F7AEB900AE2F45 /* ContentView.swift */,
				32AB44682A003E7600E688BB /* Pre-Game */,
				32AB44692A003E8F00E688BB /* Game */,
				32AB44662A003E5300E688BB /* Developer Menu */,
			);
			path = View;
			sourceTree = "<group>";
		};
		326D42F729F8FD6E00AE2F45 /* ExploreAbility Beacon Shared */ = {
			isa = PBXGroup;
			children = (
				326D42E929F8E31400AE2F45 /* BeaconManager.swift */,
				326D42A629F8044C00AE2F45 /* BeaconSetupView.swift */,
				326D42FC29F8FDE100AE2F45 /* PopupModifier.swift */,
				326D42F529F8F86F00AE2F45 /* TransmittingView.swift */,
			);
			path = "ExploreAbility Beacon Shared";
			sourceTree = "<group>";
		};
		32AB441A29FF5FAE00E688BB /* Map Views */ = {
			isa = PBXGroup;
			children = (
				3202747F29FCDD2300377188 /* MapView.swift */,
				320274E429FD441800377188 /* MapSceneView.swift */,
				320274EC29FE398B00377188 /* MapSceneRenderView.swift */,
				32AB442729FF9E9800E688BB /* MapSceneRenderView+MapCustomization.swift */,
				32AB442529FF9D4100E688BB /* MapSceneRenderView+SceneSetup.swift */,
				32AB442329FF9CA100E688BB /* MapSceneRenderView+WallOpacity.swift */,
				32AB442129FF9C5900E688BB /* MapSceneRenderView+GridPlane.swift */,
				32AB441F29FF9B4B00E688BB /* MapSceneRenderView+Beacon.swift */,
			);
			path = "Map Views";
			sourceTree = "<group>";
		};
		32AB441B29FF5FB600E688BB /* Connected Groups */ = {
			isa = PBXGroup;
			children = (
				320274E029FD337200377188 /* ConnectedGroupsView.swift */,
				320274E229FD33A200377188 /* GroupView.swift */,
			);
			path = "Connected Groups";
			sourceTree = "<group>";
		};
		32AB442929FFBA9600E688BB /* Messages */ = {
			isa = PBXGroup;
			children = (
				32AB441C29FF616F00E688BB /* MessageContents.swift */,
				32AB443729FFBD8200E688BB /* Console Message */,
				32AB443029FFBADA00E688BB /* Client Message */,
			);
			path = Messages;
			sourceTree = "<group>";
		};
		32AB443029FFBADA00E688BB /* Client Message */ = {
			isa = PBXGroup;
			children = (
				32AB442A29FFBAAE00E688BB /* ClientMessage.swift */,
				32AB443129FFBAE900E688BB /* HeartbeatClientMessage.swift */,
				32AB443429FFBAF500E688BB /* ChallengeCompletionMessage.swift */,
				32AB442D29FFBAD300E688BB /* HelloClientMessage.swift */,
			);
			path = "Client Message";
			sourceTree = "<group>";
		};
		32AB443729FFBD8200E688BB /* Console Message */ = {
			isa = PBXGroup;
			children = (
				32AB443829FFBEA800E688BB /* ConsoleMessage.swift */,
				32AB443E29FFC51B00E688BB /* SessionInfoConsoleMessage.swift */,
				32AB444129FFC54800E688BB /* PositionResponseConsoleMessage.swift */,
				32AB444429FFC56C00E688BB /* StartGameConsoleMessage.swift */,
				32AB444729FFC58800E688BB /* NextChallengeConsoleMessage.swift */,
			);
			path = "Console Message";
			sourceTree = "<group>";
		};
		32AB445029FFE86F00E688BB /* View Model */ = {
			isa = PBXGroup;
			children = (
				326D429429F7DFB600AE2F45 /* ViewModel.swift */,
				32A5344029FA63B1009BC57D /* ViewModel+CoreLocation.swift */,
				32A5342029FA27D4009BC57D /* ViewModel+Speech.swift */,
				326D429A29F7FBB100AE2F45 /* ViewModel+MultipeerConnectivity.swift */,
			);
			path = "View Model";
			sourceTree = "<group>";
		};
		32AB44632A003D1200E688BB /* Helper Functions */ = {
			isa = PBXGroup;
			children = (
				32AB44642A003D1900E688BB /* Walls.swift */,
			);
			path = "Helper Functions";
			sourceTree = "<group>";
		};
		32AB44662A003E5300E688BB /* Developer Menu */ = {
			isa = PBXGroup;
			children = (
				32A5342229FA2ADD009BC57D /* InternalTestMenu.swift */,
				3202746E29FC164500377188 /* DeveloperMenuConfirmationView.swift */,
			);
			path = "Developer Menu";
			sourceTree = "<group>";
		};
		32AB44672A003E6500E688BB /* Connection View */ = {
			isa = PBXGroup;
			children = (
				326D42DF29F8071C00AE2F45 /* ConnectionView.swift */,
				326D429C29F802B400AE2F45 /* MCBrowserView.swift */,
			);
			path = "Connection View";
			sourceTree = "<group>";
		};
		32AB44682A003E7600E688BB /* Pre-Game */ = {
			isa = PBXGroup;
			children = (
				32AB445429FFEA0F00E688BB /* WaitingRoomView.swift */,
				32AB445129FFE8B500E688BB /* GroupSetupView.swift */,
				32AB44672A003E6500E688BB /* Connection View */,
			);
			path = "Pre-Game";
			sourceTree = "<group>";
		};
		32AB44692A003E8F00E688BB /* Game */ = {
			isa = PBXGroup;
			children = (
				326D429129F7D28700AE2F45 /* ExploringView.swift */,
				326D429329F7DF8800AE2F45 /* Challenges */,
			);
			path = Game;
			sourceTree = "<group>";
		};
/* End PBXGroup section */

/* Begin PBXNativeTarget section */
		320274B529FD088800377188 /* ExploreAbility Room Scanner */ = {
			isa = PBXNativeTarget;
			buildConfigurationList = 320274C129FD088900377188 /* Build configuration list for PBXNativeTarget "ExploreAbility Room Scanner" */;
			buildPhases = (
				320274B229FD088800377188 /* Sources */,
				320274B329FD088800377188 /* Frameworks */,
				320274B429FD088800377188 /* Resources */,
			);
			buildRules = (
			);
			dependencies = (
			);
			name = "ExploreAbility Room Scanner";
			productName = "ExploreAbility Room Scanner";
			productReference = 320274B629FD088800377188 /* ExploreAbility Room Scanner.app */;
			productType = "com.apple.product-type.application";
		};
		326D427D29F7AEB900AE2F45 /* ExploreAbility */ = {
			isa = PBXNativeTarget;
			buildConfigurationList = 326D428C29F7AEBA00AE2F45 /* Build configuration list for PBXNativeTarget "ExploreAbility" */;
			buildPhases = (
				326D427A29F7AEB900AE2F45 /* Sources */,
				326D427B29F7AEB900AE2F45 /* Frameworks */,
				326D427C29F7AEB900AE2F45 /* Resources */,
			);
			buildRules = (
			);
			dependencies = (
			);
			name = ExploreAbility;
			productName = ExploreAbility;
			productReference = 326D427E29F7AEB900AE2F45 /* ExploreAbility.app */;
			productType = "com.apple.product-type.application";
		};
		326D42A129F8044C00AE2F45 /* ExploreAbility Beacon */ = {
			isa = PBXNativeTarget;
			buildConfigurationList = 326D42AD29F8044D00AE2F45 /* Build configuration list for PBXNativeTarget "ExploreAbility Beacon" */;
			buildPhases = (
				326D429E29F8044C00AE2F45 /* Sources */,
				326D429F29F8044C00AE2F45 /* Frameworks */,
				326D42A029F8044C00AE2F45 /* Resources */,
			);
			buildRules = (
			);
			dependencies = (
			);
			name = "ExploreAbility Beacon";
			productName = "ExploreAbility Beacon";
			productReference = 326D42A229F8044C00AE2F45 /* ExploreAbility Beacon.app */;
			productType = "com.apple.product-type.application";
		};
		326D42B329F8048900AE2F45 /* ExploreAbility Beacon Mac */ = {
			isa = PBXNativeTarget;
			buildConfigurationList = 326D42C029F8048A00AE2F45 /* Build configuration list for PBXNativeTarget "ExploreAbility Beacon Mac" */;
			buildPhases = (
				326D42B029F8048900AE2F45 /* Sources */,
				326D42B129F8048900AE2F45 /* Frameworks */,
				326D42B229F8048900AE2F45 /* Resources */,
			);
			buildRules = (
			);
			dependencies = (
			);
			name = "ExploreAbility Beacon Mac";
			productName = "ExploreAbility Beacon Mac";
			productReference = 326D42B429F8048900AE2F45 /* ExploreAbility Beacon Mac.app */;
			productType = "com.apple.product-type.application";
		};
		326D42C629F804A800AE2F45 /* ExploreAbility Console */ = {
			isa = PBXNativeTarget;
			buildConfigurationList = 326D42D329F804A900AE2F45 /* Build configuration list for PBXNativeTarget "ExploreAbility Console" */;
			buildPhases = (
				326D42C329F804A800AE2F45 /* Sources */,
				326D42C429F804A800AE2F45 /* Frameworks */,
				326D42C529F804A800AE2F45 /* Resources */,
			);
			buildRules = (
			);
			dependencies = (
			);
			name = "ExploreAbility Console";
			productName = "ExploreAbility Console";
			productReference = 326D42C729F804A800AE2F45 /* ExploreAbility Console.app */;
			productType = "com.apple.product-type.application";
		};
/* End PBXNativeTarget section */

/* Begin PBXProject section */
		326D427629F7AEB900AE2F45 /* Project object */ = {
			isa = PBXProject;
			attributes = {
				BuildIndependentTargetsInParallel = 1;
				LastSwiftUpdateCheck = 1430;
				LastUpgradeCheck = 1430;
				TargetAttributes = {
					320274B529FD088800377188 = {
						CreatedOnToolsVersion = 14.3;
					};
					326D427D29F7AEB900AE2F45 = {
						CreatedOnToolsVersion = 14.3;
					};
					326D42A129F8044C00AE2F45 = {
						CreatedOnToolsVersion = 14.3;
					};
					326D42B329F8048900AE2F45 = {
						CreatedOnToolsVersion = 14.3;
					};
					326D42C629F804A800AE2F45 = {
						CreatedOnToolsVersion = 14.3;
					};
				};
			};
			buildConfigurationList = 326D427929F7AEB900AE2F45 /* Build configuration list for PBXProject "ExploreAbility" */;
			compatibilityVersion = "Xcode 14.0";
			developmentRegion = en;
			hasScannedForEncodings = 0;
			knownRegions = (
				en,
				Base,
			);
			mainGroup = 326D427529F7AEB900AE2F45;
			productRefGroup = 326D427F29F7AEB900AE2F45 /* Products */;
			projectDirPath = "";
			projectRoot = "";
			targets = (
				326D427D29F7AEB900AE2F45 /* ExploreAbility */,
				326D42C629F804A800AE2F45 /* ExploreAbility Console */,
				326D42A129F8044C00AE2F45 /* ExploreAbility Beacon */,
				326D42B329F8048900AE2F45 /* ExploreAbility Beacon Mac */,
				320274B529FD088800377188 /* ExploreAbility Room Scanner */,
			);
		};
/* End PBXProject section */

/* Begin PBXResourcesBuildPhase section */
		320274B429FD088800377188 /* Resources */ = {
			isa = PBXResourcesBuildPhase;
			buildActionMask = 2147483647;
			files = (
				320274D529FD114600377188 /* UnsupportedDevice.storyboard in Resources */,
				320274C029FD088900377188 /* Preview Assets.xcassets in Resources */,
				320274BD29FD088900377188 /* Assets.xcassets in Resources */,
				320274D729FD114600377188 /* Main.storyboard in Resources */,
			);
			runOnlyForDeploymentPostprocessing = 0;
		};
		326D427C29F7AEB900AE2F45 /* Resources */ = {
			isa = PBXResourcesBuildPhase;
			buildActionMask = 2147483647;
			files = (
				326D428929F7AEBA00AE2F45 /* Preview Assets.xcassets in Resources */,
				326D432429F92AC800AE2F45 /* success.mov in Resources */,
				326D432029F9250800AE2F45 /* game.mov in Resources */,
				326D428629F7AEBA00AE2F45 /* Assets.xcassets in Resources */,
			);
			runOnlyForDeploymentPostprocessing = 0;
		};
		326D42A029F8044C00AE2F45 /* Resources */ = {
			isa = PBXResourcesBuildPhase;
			buildActionMask = 2147483647;
			files = (
				326D42AC29F8044D00AE2F45 /* Preview Assets.xcassets in Resources */,
				326D42A929F8044D00AE2F45 /* Assets.xcassets in Resources */,
			);
			runOnlyForDeploymentPostprocessing = 0;
		};
		326D42B229F8048900AE2F45 /* Resources */ = {
			isa = PBXResourcesBuildPhase;
			buildActionMask = 2147483647;
			files = (
				326D42BE29F8048A00AE2F45 /* Preview Assets.xcassets in Resources */,
				326D42BB29F8048A00AE2F45 /* Assets.xcassets in Resources */,
			);
			runOnlyForDeploymentPostprocessing = 0;
		};
		326D42C529F804A800AE2F45 /* Resources */ = {
			isa = PBXResourcesBuildPhase;
			buildActionMask = 2147483647;
			files = (
				326D42D129F804A900AE2F45 /* Preview Assets.xcassets in Resources */,
				326D42CE29F804A900AE2F45 /* Assets.xcassets in Resources */,
			);
			runOnlyForDeploymentPostprocessing = 0;
		};
/* End PBXResourcesBuildPhase section */

/* Begin PBXSourcesBuildPhase section */
		320274B229FD088800377188 /* Sources */ = {
			isa = PBXSourcesBuildPhase;
			buildActionMask = 2147483647;
			files = (
				320274D229FD114600377188 /* RoomCaptureViewController.swift in Sources */,
				320274D629FD114600377188 /* AppDelegate.swift in Sources */,
				320274D329FD114600377188 /* OnboardingViewController.swift in Sources */,
				320274D929FD14B500377188 /* Position.swift in Sources */,
				320274D429FD114600377188 /* SceneDelegate.swift in Sources */,
				320274DB29FD162900377188 /* RoomCaptureImportedData.swift in Sources */,
			);
			runOnlyForDeploymentPostprocessing = 0;
		};
		326D427A29F7AEB900AE2F45 /* Sources */ = {
			isa = PBXSourcesBuildPhase;
			buildActionMask = 2147483647;
			files = (
				326D42ED29F8F4C100AE2F45 /* CLBeaconRegion.swift in Sources */,
				32AB441E29FF884800E688BB /* MessageContents.swift in Sources */,
				3202746F29FC164500377188 /* DeveloperMenuConfirmationView.swift in Sources */,
				32AB443929FFBEA800E688BB /* ConsoleMessage.swift in Sources */,
				32AB445A29FFF87700E688BB /* GroupSetupView.swift in Sources */,
				326D429529F7DFB600AE2F45 /* ViewModel.swift in Sources */,
				326D42F429F8F66400AE2F45 /* Location.swift in Sources */,
				32AB443529FFBAF500E688BB /* ChallengeCompletionMessage.swift in Sources */,
				32AB443229FFBAE900E688BB /* HeartbeatClientMessage.swift in Sources */,
				326D429929F7E43600AE2F45 /* VoiceOverChallenge.swift in Sources */,
				32AB444829FFC58800E688BB /* NextChallengeConsoleMessage.swift in Sources */,
				32AB444229FFC54800E688BB /* PositionResponseConsoleMessage.swift in Sources */,
				326D42E029F8071C00AE2F45 /* ConnectionView.swift in Sources */,
				326D428429F7AEB900AE2F45 /* ContentView.swift in Sources */,
				3202747A29FCD34700377188 /* IPSPosition.swift in Sources */,
				326D429229F7D28700AE2F45 /* ExploringView.swift in Sources */,
				326D429729F7DFEF00AE2F45 /* GameState.swift in Sources */,
				326D42E829F8C5EB00AE2F45 /* GuidedAccessChallenge.swift in Sources */,
				32AB443F29FFC51B00E688BB /* SessionInfoConsoleMessage.swift in Sources */,
				32AB445529FFEA0F00E688BB /* WaitingRoomView.swift in Sources */,
				326D42E229F81C6A00AE2F45 /* ClosedCaptionsChallenge.swift in Sources */,
				326D429B29F7FBB100AE2F45 /* ViewModel+MultipeerConnectivity.swift in Sources */,
				326D429029F7BEF200AE2F45 /* TextSizeChallenge.swift in Sources */,
				32AB442E29FFBAD300E688BB /* HelloClientMessage.swift in Sources */,
				326D432629F9323700AE2F45 /* ReducedMotionChallenge.swift in Sources */,
				3202747229FCD2F500377188 /* Position.swift in Sources */,
				32AB444529FFC56C00E688BB /* StartGameConsoleMessage.swift in Sources */,
				32A5344129FA63B1009BC57D /* ViewModel+CoreLocation.swift in Sources */,
				32AB442B29FFBAAE00E688BB /* ClientMessage.swift in Sources */,
				326D42D829F804C600AE2F45 /* MCConstant.swift in Sources */,
				326D429D29F802B400AE2F45 /* MCBrowserView.swift in Sources */,
				32A5342329FA2ADD009BC57D /* InternalTestMenu.swift in Sources */,
				32A5342129FA27D4009BC57D /* ViewModel+Speech.swift in Sources */,
				326D428229F7AEB900AE2F45 /* ExploreAbilityApp.swift in Sources */,
			);
			runOnlyForDeploymentPostprocessing = 0;
		};
		326D429E29F8044C00AE2F45 /* Sources */ = {
			isa = PBXSourcesBuildPhase;
			buildActionMask = 2147483647;
			files = (
				326D42EC29F8F4BD00AE2F45 /* CLBeaconRegion.swift in Sources */,
				326D42FD29F8FDE100AE2F45 /* PopupModifier.swift in Sources */,
				326D42F629F8F86F00AE2F45 /* TransmittingView.swift in Sources */,
				326D42A729F8044C00AE2F45 /* BeaconSetupView.swift in Sources */,
				326D42EA29F8E31400AE2F45 /* BeaconManager.swift in Sources */,
				326D42A529F8044C00AE2F45 /* ExploreAbility_BeaconApp.swift in Sources */,
				326D42F129F8F65400AE2F45 /* Location.swift in Sources */,
				326D42D929F804FA00AE2F45 /* MCConstant.swift in Sources */,
				3202747329FCD2F600377188 /* Position.swift in Sources */,
			);
			runOnlyForDeploymentPostprocessing = 0;
		};
		326D42B029F8048900AE2F45 /* Sources */ = {
			isa = PBXSourcesBuildPhase;
			buildActionMask = 2147483647;
			files = (
				326D42EE29F8F4C200AE2F45 /* CLBeaconRegion.swift in Sources */,
				326D42FE29F8FEDF00AE2F45 /* PopupModifier.swift in Sources */,
				326D42B729F8048900AE2F45 /* ExploreAbility_Beacon_MacApp.swift in Sources */,
				326D42FA29F8FD9300AE2F45 /* TransmittingView.swift in Sources */,
				326D42F929F8FD9300AE2F45 /* BeaconSetupView.swift in Sources */,
				326D42F229F8F66200AE2F45 /* Location.swift in Sources */,
				326D42DA29F804FA00AE2F45 /* MCConstant.swift in Sources */,
				326D42F829F8FD9300AE2F45 /* BeaconManager.swift in Sources */,
				3202747429FCD2F600377188 /* Position.swift in Sources */,
			);
			runOnlyForDeploymentPostprocessing = 0;
		};
		326D42C329F804A800AE2F45 /* Sources */ = {
			isa = PBXSourcesBuildPhase;
			buildActionMask = 2147483647;
			files = (
				320274E929FD522C00377188 /* IndividualOnlineBeaconView.swift in Sources */,
				32AB441929FE9B2200E688BB /* MapCustomisation.swift in Sources */,
				3202747129FCD2EC00377188 /* Position.swift in Sources */,
				32AB443A29FFBEA800E688BB /* ConsoleMessage.swift in Sources */,
				3202748029FCDD2300377188 /* MapView.swift in Sources */,
				320274E329FD33A200377188 /* GroupView.swift in Sources */,
				326D42CC29F804A800AE2F45 /* ContentView.swift in Sources */,
				32AB44602A00065700E688BB /* GPSHomingMapView.swift in Sources */,
				32AB442229FF9C5900E688BB /* MapSceneRenderView+GridPlane.swift in Sources */,
				32AB44652A003D1900E688BB /* Walls.swift in Sources */,
				3202747629FCD30300377188 /* PeerLocation.swift in Sources */,
				32AB444629FFC56C00E688BB /* StartGameConsoleMessage.swift in Sources */,
				320274EB29FD60C000377188 /* BeaconStatusViewModel.swift in Sources */,
				3202747E29FCDA1400377188 /* DashboardView.swift in Sources */,
				3202747829FCD31D00377188 /* IPSPosition.swift in Sources */,
				32AB44622A003BF400E688BB /* MapPreviewView.swift in Sources */,
				3202749129FCF33600377188 /* RoomModelImportCommandView.swift in Sources */,
				32AB441D29FF616F00E688BB /* MessageContents.swift in Sources */,
				32AB442029FF9B4B00E688BB /* MapSceneRenderView+Beacon.swift in Sources */,
				32AB443629FFBAF500E688BB /* ChallengeCompletionMessage.swift in Sources */,
				32AB442429FF9CA100E688BB /* MapSceneRenderView+WallOpacity.swift in Sources */,
				3202748829FCEBBC00377188 /* Log.swift in Sources */,
				3202748C29FCEF2D00377188 /* LogType.swift in Sources */,
				32AB443D29FFC47A00E688BB /* ViewModel+MCSessionDelegate.swift in Sources */,
				32AB441529FE71C300E688BB /* SetBeaconLocationsView.swift in Sources */,
				32AB443329FFBAE900E688BB /* HeartbeatClientMessage.swift in Sources */,
				3202747C29FCD88A00377188 /* LoggerView.swift in Sources */,
				3202748429FCE86900377188 /* HostingCommandView.swift in Sources */,
				3202748229FCE6E100377188 /* DashboardElement.swift in Sources */,
				326D42CA29F804A800AE2F45 /* ExploreAbility_ConsoleApp.swift in Sources */,
				320274E729FD4A0D00377188 /* BeaconOnlineDashboardView.swift in Sources */,
				320274E529FD441800377188 /* MapSceneView.swift in Sources */,
				320274ED29FE398B00377188 /* MapSceneRenderView.swift in Sources */,
				3202748629FCE94C00377188 /* LoggerViewModel.swift in Sources */,
				326D42F329F8F66300AE2F45 /* Location.swift in Sources */,
				32AB444029FFC51B00E688BB /* SessionInfoConsoleMessage.swift in Sources */,
				320274E129FD337200377188 /* ConnectedGroupsView.swift in Sources */,
				32AB444929FFC58800E688BB /* NextChallengeConsoleMessage.swift in Sources */,
				32AB445629FFEA0F00E688BB /* WaitingRoomView.swift in Sources */,
				320274DC29FD162F00377188 /* RoomCaptureImportedData.swift in Sources */,
				326D42EF29F8F4C300AE2F45 /* CLBeaconRegion.swift in Sources */,
				32AB444329FFC54800E688BB /* PositionResponseConsoleMessage.swift in Sources */,
				32AB442C29FFBAAE00E688BB /* ClientMessage.swift in Sources */,
				32AB445929FFF78900E688BB /* GameStatusDashboardView.swift in Sources */,
				320274DE29FD1A5400377188 /* RoomCaptureData.swift in Sources */,
				32AB442829FF9E9800E688BB /* MapSceneRenderView+MapCustomization.swift in Sources */,
				32AB444F29FFCF1900E688BB /* ViewModel+MessageHandler.swift in Sources */,
				326D42FB29F8FDAC00AE2F45 /* ViewModel.swift in Sources */,
				32AB442629FF9D4100E688BB /* MapSceneRenderView+SceneSetup.swift in Sources */,
				32AB445D2A00034200E688BB /* GPSHomingDashboardView.swift in Sources */,
				32AB442F29FFBAD300E688BB /* HelloClientMessage.swift in Sources */,
				326D42DB29F804FB00AE2F45 /* MCConstant.swift in Sources */,
				32AB441729FE95E500E688BB /* Group.swift in Sources */,
				3202749329FCF7BD00377188 /* SetBeaconLocationsCommandView.swift in Sources */,
				320274DF29FD322300377188 /* GameState.swift in Sources */,
			);
			runOnlyForDeploymentPostprocessing = 0;
		};
/* End PBXSourcesBuildPhase section */

/* Begin XCBuildConfiguration section */
		320274C229FD088900377188 /* Debug */ = {
			isa = XCBuildConfiguration;
			buildSettings = {
				ASSETCATALOG_COMPILER_APPICON_NAME = AppIcon;
				ASSETCATALOG_COMPILER_GLOBAL_ACCENT_COLOR_NAME = AccentColor;
				CODE_SIGN_STYLE = Automatic;
				CURRENT_PROJECT_VERSION = 1;
				DEVELOPMENT_ASSET_PATHS = "\"ExploreAbility Room Scanner/Preview Content\"";
				DEVELOPMENT_TEAM = XL5JK4F896;
				ENABLE_PREVIEWS = YES;
				GENERATE_INFOPLIST_FILE = YES;
				INFOPLIST_FILE = "ExploreAbility-Room-Scanner-Info.plist";
				INFOPLIST_KEY_NSLocationWhenInUseUsageDescription = "iBeacon connection";
				INFOPLIST_KEY_UIApplicationSupportsIndirectInputEvents = YES;
				INFOPLIST_KEY_UILaunchScreen_Generation = YES;
				INFOPLIST_KEY_UISupportedInterfaceOrientations_iPad = "UIInterfaceOrientationPortrait UIInterfaceOrientationPortraitUpsideDown UIInterfaceOrientationLandscapeLeft UIInterfaceOrientationLandscapeRight";
				INFOPLIST_KEY_UISupportedInterfaceOrientations_iPhone = "UIInterfaceOrientationPortrait UIInterfaceOrientationLandscapeLeft UIInterfaceOrientationLandscapeRight";
				IPHONEOS_DEPLOYMENT_TARGET = 16;
				LD_RUNPATH_SEARCH_PATHS = (
					"$(inherited)",
					"@executable_path/Frameworks",
				);
				MARKETING_VERSION = 1.0;
				PRODUCT_BUNDLE_IDENTIFIER = "app.jiachen.ExploreAbility-Room-Scanner";
				PRODUCT_NAME = "$(TARGET_NAME)";
				SWIFT_EMIT_LOC_STRINGS = YES;
				SWIFT_VERSION = 5.0;
				TARGETED_DEVICE_FAMILY = "1,2";
			};
			name = Debug;
		};
		320274C329FD088900377188 /* Release */ = {
			isa = XCBuildConfiguration;
			buildSettings = {
				ASSETCATALOG_COMPILER_APPICON_NAME = AppIcon;
				ASSETCATALOG_COMPILER_GLOBAL_ACCENT_COLOR_NAME = AccentColor;
				CODE_SIGN_STYLE = Automatic;
				CURRENT_PROJECT_VERSION = 1;
				DEVELOPMENT_ASSET_PATHS = "\"ExploreAbility Room Scanner/Preview Content\"";
				DEVELOPMENT_TEAM = XL5JK4F896;
				ENABLE_PREVIEWS = YES;
				GENERATE_INFOPLIST_FILE = YES;
				INFOPLIST_FILE = "ExploreAbility-Room-Scanner-Info.plist";
				INFOPLIST_KEY_NSLocationWhenInUseUsageDescription = "iBeacon connection";
				INFOPLIST_KEY_UIApplicationSupportsIndirectInputEvents = YES;
				INFOPLIST_KEY_UILaunchScreen_Generation = YES;
				INFOPLIST_KEY_UISupportedInterfaceOrientations_iPad = "UIInterfaceOrientationPortrait UIInterfaceOrientationPortraitUpsideDown UIInterfaceOrientationLandscapeLeft UIInterfaceOrientationLandscapeRight";
				INFOPLIST_KEY_UISupportedInterfaceOrientations_iPhone = "UIInterfaceOrientationPortrait UIInterfaceOrientationLandscapeLeft UIInterfaceOrientationLandscapeRight";
				IPHONEOS_DEPLOYMENT_TARGET = 16;
				LD_RUNPATH_SEARCH_PATHS = (
					"$(inherited)",
					"@executable_path/Frameworks",
				);
				MARKETING_VERSION = 1.0;
				PRODUCT_BUNDLE_IDENTIFIER = "app.jiachen.ExploreAbility-Room-Scanner";
				PRODUCT_NAME = "$(TARGET_NAME)";
				SWIFT_EMIT_LOC_STRINGS = YES;
				SWIFT_VERSION = 5.0;
				TARGETED_DEVICE_FAMILY = "1,2";
			};
			name = Release;
		};
		326D428A29F7AEBA00AE2F45 /* Debug */ = {
			isa = XCBuildConfiguration;
			buildSettings = {
				ALWAYS_SEARCH_USER_PATHS = NO;
				CLANG_ANALYZER_NONNULL = YES;
				CLANG_ANALYZER_NUMBER_OBJECT_CONVERSION = YES_AGGRESSIVE;
				CLANG_CXX_LANGUAGE_STANDARD = "gnu++20";
				CLANG_ENABLE_MODULES = YES;
				CLANG_ENABLE_OBJC_ARC = YES;
				CLANG_ENABLE_OBJC_WEAK = YES;
				CLANG_WARN_BLOCK_CAPTURE_AUTORELEASING = YES;
				CLANG_WARN_BOOL_CONVERSION = YES;
				CLANG_WARN_COMMA = YES;
				CLANG_WARN_CONSTANT_CONVERSION = YES;
				CLANG_WARN_DEPRECATED_OBJC_IMPLEMENTATIONS = YES;
				CLANG_WARN_DIRECT_OBJC_ISA_USAGE = YES_ERROR;
				CLANG_WARN_DOCUMENTATION_COMMENTS = YES;
				CLANG_WARN_EMPTY_BODY = YES;
				CLANG_WARN_ENUM_CONVERSION = YES;
				CLANG_WARN_INFINITE_RECURSION = YES;
				CLANG_WARN_INT_CONVERSION = YES;
				CLANG_WARN_NON_LITERAL_NULL_CONVERSION = YES;
				CLANG_WARN_OBJC_IMPLICIT_RETAIN_SELF = YES;
				CLANG_WARN_OBJC_LITERAL_CONVERSION = YES;
				CLANG_WARN_OBJC_ROOT_CLASS = YES_ERROR;
				CLANG_WARN_QUOTED_INCLUDE_IN_FRAMEWORK_HEADER = YES;
				CLANG_WARN_RANGE_LOOP_ANALYSIS = YES;
				CLANG_WARN_STRICT_PROTOTYPES = YES;
				CLANG_WARN_SUSPICIOUS_MOVE = YES;
				CLANG_WARN_UNGUARDED_AVAILABILITY = YES_AGGRESSIVE;
				CLANG_WARN_UNREACHABLE_CODE = YES;
				CLANG_WARN__DUPLICATE_METHOD_MATCH = YES;
				COPY_PHASE_STRIP = NO;
				DEBUG_INFORMATION_FORMAT = dwarf;
				ENABLE_STRICT_OBJC_MSGSEND = YES;
				ENABLE_TESTABILITY = YES;
				GCC_C_LANGUAGE_STANDARD = gnu11;
				GCC_DYNAMIC_NO_PIC = NO;
				GCC_NO_COMMON_BLOCKS = YES;
				GCC_OPTIMIZATION_LEVEL = 0;
				GCC_PREPROCESSOR_DEFINITIONS = (
					"DEBUG=1",
					"$(inherited)",
				);
				GCC_WARN_64_TO_32_BIT_CONVERSION = YES;
				GCC_WARN_ABOUT_RETURN_TYPE = YES_ERROR;
				GCC_WARN_UNDECLARED_SELECTOR = YES;
				GCC_WARN_UNINITIALIZED_AUTOS = YES_AGGRESSIVE;
				GCC_WARN_UNUSED_FUNCTION = YES;
				GCC_WARN_UNUSED_VARIABLE = YES;
				IPHONEOS_DEPLOYMENT_TARGET = 16.4;
				MTL_ENABLE_DEBUG_INFO = INCLUDE_SOURCE;
				MTL_FAST_MATH = YES;
				ONLY_ACTIVE_ARCH = YES;
				SDKROOT = iphoneos;
				SWIFT_ACTIVE_COMPILATION_CONDITIONS = DEBUG;
				SWIFT_OPTIMIZATION_LEVEL = "-Onone";
			};
			name = Debug;
		};
		326D428B29F7AEBA00AE2F45 /* Release */ = {
			isa = XCBuildConfiguration;
			buildSettings = {
				ALWAYS_SEARCH_USER_PATHS = NO;
				CLANG_ANALYZER_NONNULL = YES;
				CLANG_ANALYZER_NUMBER_OBJECT_CONVERSION = YES_AGGRESSIVE;
				CLANG_CXX_LANGUAGE_STANDARD = "gnu++20";
				CLANG_ENABLE_MODULES = YES;
				CLANG_ENABLE_OBJC_ARC = YES;
				CLANG_ENABLE_OBJC_WEAK = YES;
				CLANG_WARN_BLOCK_CAPTURE_AUTORELEASING = YES;
				CLANG_WARN_BOOL_CONVERSION = YES;
				CLANG_WARN_COMMA = YES;
				CLANG_WARN_CONSTANT_CONVERSION = YES;
				CLANG_WARN_DEPRECATED_OBJC_IMPLEMENTATIONS = YES;
				CLANG_WARN_DIRECT_OBJC_ISA_USAGE = YES_ERROR;
				CLANG_WARN_DOCUMENTATION_COMMENTS = YES;
				CLANG_WARN_EMPTY_BODY = YES;
				CLANG_WARN_ENUM_CONVERSION = YES;
				CLANG_WARN_INFINITE_RECURSION = YES;
				CLANG_WARN_INT_CONVERSION = YES;
				CLANG_WARN_NON_LITERAL_NULL_CONVERSION = YES;
				CLANG_WARN_OBJC_IMPLICIT_RETAIN_SELF = YES;
				CLANG_WARN_OBJC_LITERAL_CONVERSION = YES;
				CLANG_WARN_OBJC_ROOT_CLASS = YES_ERROR;
				CLANG_WARN_QUOTED_INCLUDE_IN_FRAMEWORK_HEADER = YES;
				CLANG_WARN_RANGE_LOOP_ANALYSIS = YES;
				CLANG_WARN_STRICT_PROTOTYPES = YES;
				CLANG_WARN_SUSPICIOUS_MOVE = YES;
				CLANG_WARN_UNGUARDED_AVAILABILITY = YES_AGGRESSIVE;
				CLANG_WARN_UNREACHABLE_CODE = YES;
				CLANG_WARN__DUPLICATE_METHOD_MATCH = YES;
				COPY_PHASE_STRIP = NO;
				DEBUG_INFORMATION_FORMAT = "dwarf-with-dsym";
				ENABLE_NS_ASSERTIONS = NO;
				ENABLE_STRICT_OBJC_MSGSEND = YES;
				GCC_C_LANGUAGE_STANDARD = gnu11;
				GCC_NO_COMMON_BLOCKS = YES;
				GCC_WARN_64_TO_32_BIT_CONVERSION = YES;
				GCC_WARN_ABOUT_RETURN_TYPE = YES_ERROR;
				GCC_WARN_UNDECLARED_SELECTOR = YES;
				GCC_WARN_UNINITIALIZED_AUTOS = YES_AGGRESSIVE;
				GCC_WARN_UNUSED_FUNCTION = YES;
				GCC_WARN_UNUSED_VARIABLE = YES;
				IPHONEOS_DEPLOYMENT_TARGET = 16.4;
				MTL_ENABLE_DEBUG_INFO = NO;
				MTL_FAST_MATH = YES;
				SDKROOT = iphoneos;
				SWIFT_COMPILATION_MODE = wholemodule;
				SWIFT_OPTIMIZATION_LEVEL = "-O";
				VALIDATE_PRODUCT = YES;
			};
			name = Release;
		};
		326D428D29F7AEBA00AE2F45 /* Debug */ = {
			isa = XCBuildConfiguration;
			buildSettings = {
				ASSETCATALOG_COMPILER_APPICON_NAME = AppIcon;
				ASSETCATALOG_COMPILER_GLOBAL_ACCENT_COLOR_NAME = AccentColor;
				CODE_SIGN_STYLE = Automatic;
				CURRENT_PROJECT_VERSION = 1;
				DEVELOPMENT_ASSET_PATHS = "\"ExploreAbility/Preview Content\"";
				DEVELOPMENT_TEAM = XL5JK4F896;
				ENABLE_PREVIEWS = YES;
				GENERATE_INFOPLIST_FILE = YES;
				INFOPLIST_FILE = ExploreAbility/Info.plist;
				INFOPLIST_KEY_NSBluetoothAlwaysUsageDescription = "Connect to ExploreAbility Console";
				INFOPLIST_KEY_NSLocalNetworkUsageDescription = "Connect to ExploreAbility Console";
				INFOPLIST_KEY_NSLocationWhenInUseUsageDescription = "Connect to iBeacons";
				INFOPLIST_KEY_UIApplicationSceneManifest_Generation = YES;
				INFOPLIST_KEY_UIApplicationSupportsIndirectInputEvents = YES;
				INFOPLIST_KEY_UILaunchScreen_Generation = YES;
				INFOPLIST_KEY_UIRequiresFullScreen = YES;
				INFOPLIST_KEY_UISupportedInterfaceOrientations = UIInterfaceOrientationPortrait;
				INFOPLIST_KEY_UISupportedInterfaceOrientations_iPad = "UIInterfaceOrientationPortrait UIInterfaceOrientationPortraitUpsideDown";
				IPHONEOS_DEPLOYMENT_TARGET = 16.0;
				LD_RUNPATH_SEARCH_PATHS = (
					"$(inherited)",
					"@executable_path/Frameworks",
				);
				MARKETING_VERSION = 1.0;
				PRODUCT_BUNDLE_IDENTIFIER = app.jiachen.ExploreAbility;
				PRODUCT_NAME = "$(TARGET_NAME)";
				SWIFT_EMIT_LOC_STRINGS = YES;
				SWIFT_VERSION = 5.0;
				TARGETED_DEVICE_FAMILY = "1,2";
			};
			name = Debug;
		};
		326D428E29F7AEBA00AE2F45 /* Release */ = {
			isa = XCBuildConfiguration;
			buildSettings = {
				ASSETCATALOG_COMPILER_APPICON_NAME = AppIcon;
				ASSETCATALOG_COMPILER_GLOBAL_ACCENT_COLOR_NAME = AccentColor;
				CODE_SIGN_STYLE = Automatic;
				CURRENT_PROJECT_VERSION = 1;
				DEVELOPMENT_ASSET_PATHS = "\"ExploreAbility/Preview Content\"";
				DEVELOPMENT_TEAM = XL5JK4F896;
				ENABLE_PREVIEWS = YES;
				GENERATE_INFOPLIST_FILE = YES;
				INFOPLIST_FILE = ExploreAbility/Info.plist;
				INFOPLIST_KEY_NSBluetoothAlwaysUsageDescription = "Connect to ExploreAbility Console";
				INFOPLIST_KEY_NSLocalNetworkUsageDescription = "Connect to ExploreAbility Console";
				INFOPLIST_KEY_NSLocationWhenInUseUsageDescription = "Connect to iBeacons";
				INFOPLIST_KEY_UIApplicationSceneManifest_Generation = YES;
				INFOPLIST_KEY_UIApplicationSupportsIndirectInputEvents = YES;
				INFOPLIST_KEY_UILaunchScreen_Generation = YES;
				INFOPLIST_KEY_UIRequiresFullScreen = YES;
				INFOPLIST_KEY_UISupportedInterfaceOrientations = UIInterfaceOrientationPortrait;
				INFOPLIST_KEY_UISupportedInterfaceOrientations_iPad = "UIInterfaceOrientationPortrait UIInterfaceOrientationPortraitUpsideDown";
				IPHONEOS_DEPLOYMENT_TARGET = 16.0;
				LD_RUNPATH_SEARCH_PATHS = (
					"$(inherited)",
					"@executable_path/Frameworks",
				);
				MARKETING_VERSION = 1.0;
				PRODUCT_BUNDLE_IDENTIFIER = app.jiachen.ExploreAbility;
				PRODUCT_NAME = "$(TARGET_NAME)";
				SWIFT_EMIT_LOC_STRINGS = YES;
				SWIFT_VERSION = 5.0;
				TARGETED_DEVICE_FAMILY = "1,2";
			};
			name = Release;
		};
		326D42AE29F8044D00AE2F45 /* Debug */ = {
			isa = XCBuildConfiguration;
			buildSettings = {
				ASSETCATALOG_COMPILER_APPICON_NAME = AppIcon;
				ASSETCATALOG_COMPILER_GLOBAL_ACCENT_COLOR_NAME = AccentColor;
				CODE_SIGN_STYLE = Automatic;
				CURRENT_PROJECT_VERSION = 1;
				DEVELOPMENT_ASSET_PATHS = "\"ExploreAbility Beacon/Preview Content\"";
				DEVELOPMENT_TEAM = XL5JK4F896;
				ENABLE_PREVIEWS = YES;
				GENERATE_INFOPLIST_FILE = YES;
				INFOPLIST_FILE = "ExploreAbility-Beacon-Info.plist";
				INFOPLIST_KEY_LSApplicationCategoryType = "";
				INFOPLIST_KEY_NSBluetoothAlwaysUsageDescription = "Function as iBeacon";
				INFOPLIST_KEY_UIApplicationSupportsIndirectInputEvents = YES;
				INFOPLIST_KEY_UILaunchScreen_Generation = YES;
				INFOPLIST_KEY_UIRequiresFullScreen = YES;
				INFOPLIST_KEY_UISupportedInterfaceOrientations = UIInterfaceOrientationPortrait;
				INFOPLIST_KEY_UISupportedInterfaceOrientations_iPad = "UIInterfaceOrientationPortrait UIInterfaceOrientationPortraitUpsideDown";
				IPHONEOS_DEPLOYMENT_TARGET = 16;
				LD_RUNPATH_SEARCH_PATHS = (
					"$(inherited)",
					"@executable_path/Frameworks",
				);
				MARKETING_VERSION = 1.0;
				PRODUCT_BUNDLE_IDENTIFIER = "app.jiachen.ExploreAbility-Beacon";
				PRODUCT_NAME = "$(TARGET_NAME)";
				SWIFT_EMIT_LOC_STRINGS = YES;
				SWIFT_VERSION = 5.0;
				TARGETED_DEVICE_FAMILY = "1,2";
			};
			name = Debug;
		};
		326D42AF29F8044D00AE2F45 /* Release */ = {
			isa = XCBuildConfiguration;
			buildSettings = {
				ASSETCATALOG_COMPILER_APPICON_NAME = AppIcon;
				ASSETCATALOG_COMPILER_GLOBAL_ACCENT_COLOR_NAME = AccentColor;
				CODE_SIGN_STYLE = Automatic;
				CURRENT_PROJECT_VERSION = 1;
				DEVELOPMENT_ASSET_PATHS = "\"ExploreAbility Beacon/Preview Content\"";
				DEVELOPMENT_TEAM = XL5JK4F896;
				ENABLE_PREVIEWS = YES;
				GENERATE_INFOPLIST_FILE = YES;
				INFOPLIST_FILE = "ExploreAbility-Beacon-Info.plist";
				INFOPLIST_KEY_LSApplicationCategoryType = "";
				INFOPLIST_KEY_NSBluetoothAlwaysUsageDescription = "Function as iBeacon";
				INFOPLIST_KEY_UIApplicationSupportsIndirectInputEvents = YES;
				INFOPLIST_KEY_UILaunchScreen_Generation = YES;
				INFOPLIST_KEY_UIRequiresFullScreen = YES;
				INFOPLIST_KEY_UISupportedInterfaceOrientations = UIInterfaceOrientationPortrait;
				INFOPLIST_KEY_UISupportedInterfaceOrientations_iPad = "UIInterfaceOrientationPortrait UIInterfaceOrientationPortraitUpsideDown";
				IPHONEOS_DEPLOYMENT_TARGET = 16;
				LD_RUNPATH_SEARCH_PATHS = (
					"$(inherited)",
					"@executable_path/Frameworks",
				);
				MARKETING_VERSION = 1.0;
				PRODUCT_BUNDLE_IDENTIFIER = "app.jiachen.ExploreAbility-Beacon";
				PRODUCT_NAME = "$(TARGET_NAME)";
				SWIFT_EMIT_LOC_STRINGS = YES;
				SWIFT_VERSION = 5.0;
				TARGETED_DEVICE_FAMILY = "1,2";
			};
			name = Release;
		};
		326D42C129F8048A00AE2F45 /* Debug */ = {
			isa = XCBuildConfiguration;
			buildSettings = {
				ASSETCATALOG_COMPILER_APPICON_NAME = AppIcon;
				ASSETCATALOG_COMPILER_GLOBAL_ACCENT_COLOR_NAME = AccentColor;
				CODE_SIGN_ENTITLEMENTS = "ExploreAbility Beacon Mac/ExploreAbility_Beacon_Mac.entitlements";
				CODE_SIGN_STYLE = Automatic;
				COMBINE_HIDPI_IMAGES = YES;
				CURRENT_PROJECT_VERSION = 1;
				DEVELOPMENT_ASSET_PATHS = "\"ExploreAbility Beacon Mac/Preview Content\"";
				DEVELOPMENT_TEAM = XL5JK4F896;
				ENABLE_HARDENED_RUNTIME = YES;
				ENABLE_PREVIEWS = YES;
				GENERATE_INFOPLIST_FILE = YES;
				INFOPLIST_KEY_NSBluetoothAlwaysUsageDescription = "Function as iBeacon";
				INFOPLIST_KEY_NSHumanReadableCopyright = "";
				LD_RUNPATH_SEARCH_PATHS = (
					"$(inherited)",
					"@executable_path/../Frameworks",
				);
				MACOSX_DEPLOYMENT_TARGET = 13.3;
				MARKETING_VERSION = 1.0;
				PRODUCT_BUNDLE_IDENTIFIER = "app.jiachen.ExploreAbility-Beacon-Mac";
				PRODUCT_NAME = "$(TARGET_NAME)";
				SDKROOT = macosx;
				SWIFT_EMIT_LOC_STRINGS = YES;
				SWIFT_VERSION = 5.0;
			};
			name = Debug;
		};
		326D42C229F8048A00AE2F45 /* Release */ = {
			isa = XCBuildConfiguration;
			buildSettings = {
				ASSETCATALOG_COMPILER_APPICON_NAME = AppIcon;
				ASSETCATALOG_COMPILER_GLOBAL_ACCENT_COLOR_NAME = AccentColor;
				CODE_SIGN_ENTITLEMENTS = "ExploreAbility Beacon Mac/ExploreAbility_Beacon_Mac.entitlements";
				CODE_SIGN_STYLE = Automatic;
				COMBINE_HIDPI_IMAGES = YES;
				CURRENT_PROJECT_VERSION = 1;
				DEVELOPMENT_ASSET_PATHS = "\"ExploreAbility Beacon Mac/Preview Content\"";
				DEVELOPMENT_TEAM = XL5JK4F896;
				ENABLE_HARDENED_RUNTIME = YES;
				ENABLE_PREVIEWS = YES;
				GENERATE_INFOPLIST_FILE = YES;
				INFOPLIST_KEY_NSBluetoothAlwaysUsageDescription = "Function as iBeacon";
				INFOPLIST_KEY_NSHumanReadableCopyright = "";
				LD_RUNPATH_SEARCH_PATHS = (
					"$(inherited)",
					"@executable_path/../Frameworks",
				);
				MACOSX_DEPLOYMENT_TARGET = 13.3;
				MARKETING_VERSION = 1.0;
				PRODUCT_BUNDLE_IDENTIFIER = "app.jiachen.ExploreAbility-Beacon-Mac";
				PRODUCT_NAME = "$(TARGET_NAME)";
				SDKROOT = macosx;
				SWIFT_EMIT_LOC_STRINGS = YES;
				SWIFT_VERSION = 5.0;
			};
			name = Release;
		};
		326D42D429F804A900AE2F45 /* Debug */ = {
			isa = XCBuildConfiguration;
			buildSettings = {
				ASSETCATALOG_COMPILER_APPICON_NAME = AppIcon;
				ASSETCATALOG_COMPILER_GLOBAL_ACCENT_COLOR_NAME = AccentColor;
				CODE_SIGN_ENTITLEMENTS = "ExploreAbility Console/ExploreAbility_Console.entitlements";
				CODE_SIGN_STYLE = Automatic;
				COMBINE_HIDPI_IMAGES = YES;
				CURRENT_PROJECT_VERSION = 1;
				DEVELOPMENT_ASSET_PATHS = "\"ExploreAbility Console/Preview Content\"";
				DEVELOPMENT_TEAM = XL5JK4F896;
				ENABLE_HARDENED_RUNTIME = YES;
				ENABLE_PREVIEWS = YES;
				GENERATE_INFOPLIST_FILE = YES;
				INFOPLIST_KEY_NSBluetoothAlwaysUsageDescription = "Connect to iBeacons";
				INFOPLIST_KEY_NSHumanReadableCopyright = "";
				INFOPLIST_KEY_NSLocationWhenInUseUsageDescription = iBeacons;
				LD_RUNPATH_SEARCH_PATHS = (
					"$(inherited)",
					"@executable_path/../Frameworks",
				);
				MACOSX_DEPLOYMENT_TARGET = 13.3;
				MARKETING_VERSION = 1.0;
				PRODUCT_BUNDLE_IDENTIFIER = "app.jiachen.ExploreAbility-Console";
				PRODUCT_NAME = "$(TARGET_NAME)";
				SDKROOT = macosx;
				SWIFT_EMIT_LOC_STRINGS = YES;
				SWIFT_VERSION = 5.0;
			};
			name = Debug;
		};
		326D42D529F804A900AE2F45 /* Release */ = {
			isa = XCBuildConfiguration;
			buildSettings = {
				ASSETCATALOG_COMPILER_APPICON_NAME = AppIcon;
				ASSETCATALOG_COMPILER_GLOBAL_ACCENT_COLOR_NAME = AccentColor;
				CODE_SIGN_ENTITLEMENTS = "ExploreAbility Console/ExploreAbility_Console.entitlements";
				CODE_SIGN_STYLE = Automatic;
				COMBINE_HIDPI_IMAGES = YES;
				CURRENT_PROJECT_VERSION = 1;
				DEVELOPMENT_ASSET_PATHS = "\"ExploreAbility Console/Preview Content\"";
				DEVELOPMENT_TEAM = XL5JK4F896;
				ENABLE_HARDENED_RUNTIME = YES;
				ENABLE_PREVIEWS = YES;
				GENERATE_INFOPLIST_FILE = YES;
				INFOPLIST_KEY_NSBluetoothAlwaysUsageDescription = "Connect to iBeacons";
				INFOPLIST_KEY_NSHumanReadableCopyright = "";
				INFOPLIST_KEY_NSLocationWhenInUseUsageDescription = iBeacons;
				LD_RUNPATH_SEARCH_PATHS = (
					"$(inherited)",
					"@executable_path/../Frameworks",
				);
				MACOSX_DEPLOYMENT_TARGET = 13.3;
				MARKETING_VERSION = 1.0;
				PRODUCT_BUNDLE_IDENTIFIER = "app.jiachen.ExploreAbility-Console";
				PRODUCT_NAME = "$(TARGET_NAME)";
				SDKROOT = macosx;
				SWIFT_EMIT_LOC_STRINGS = YES;
				SWIFT_VERSION = 5.0;
			};
			name = Release;
		};
/* End XCBuildConfiguration section */

/* Begin XCConfigurationList section */
		320274C129FD088900377188 /* Build configuration list for PBXNativeTarget "ExploreAbility Room Scanner" */ = {
			isa = XCConfigurationList;
			buildConfigurations = (
				320274C229FD088900377188 /* Debug */,
				320274C329FD088900377188 /* Release */,
			);
			defaultConfigurationIsVisible = 0;
			defaultConfigurationName = Release;
		};
		326D427929F7AEB900AE2F45 /* Build configuration list for PBXProject "ExploreAbility" */ = {
			isa = XCConfigurationList;
			buildConfigurations = (
				326D428A29F7AEBA00AE2F45 /* Debug */,
				326D428B29F7AEBA00AE2F45 /* Release */,
			);
			defaultConfigurationIsVisible = 0;
			defaultConfigurationName = Release;
		};
		326D428C29F7AEBA00AE2F45 /* Build configuration list for PBXNativeTarget "ExploreAbility" */ = {
			isa = XCConfigurationList;
			buildConfigurations = (
				326D428D29F7AEBA00AE2F45 /* Debug */,
				326D428E29F7AEBA00AE2F45 /* Release */,
			);
			defaultConfigurationIsVisible = 0;
			defaultConfigurationName = Release;
		};
		326D42AD29F8044D00AE2F45 /* Build configuration list for PBXNativeTarget "ExploreAbility Beacon" */ = {
			isa = XCConfigurationList;
			buildConfigurations = (
				326D42AE29F8044D00AE2F45 /* Debug */,
				326D42AF29F8044D00AE2F45 /* Release */,
			);
			defaultConfigurationIsVisible = 0;
			defaultConfigurationName = Release;
		};
		326D42C029F8048A00AE2F45 /* Build configuration list for PBXNativeTarget "ExploreAbility Beacon Mac" */ = {
			isa = XCConfigurationList;
			buildConfigurations = (
				326D42C129F8048A00AE2F45 /* Debug */,
				326D42C229F8048A00AE2F45 /* Release */,
			);
			defaultConfigurationIsVisible = 0;
			defaultConfigurationName = Release;
		};
		326D42D329F804A900AE2F45 /* Build configuration list for PBXNativeTarget "ExploreAbility Console" */ = {
			isa = XCConfigurationList;
			buildConfigurations = (
				326D42D429F804A900AE2F45 /* Debug */,
				326D42D529F804A900AE2F45 /* Release */,
			);
			defaultConfigurationIsVisible = 0;
			defaultConfigurationName = Release;
		};
/* End XCConfigurationList section */
	};
	rootObject = 326D427629F7AEB900AE2F45 /* Project object */;
}
